// !$*UTF8*$!
{
	archiveVersion = 1;
	classes = {
	};
	objectVersion = 46;
	objects = {

/* Begin PBXBuildFile section */
		560872F41451F9BE0069A2DE /* QuartzCore.framework in Frameworks */ = {isa = PBXBuildFile; fileRef = 560872F31451F9BE0069A2DE /* QuartzCore.framework */; };
		560872F61451F9BE0069A2DE /* OpenGLES.framework in Frameworks */ = {isa = PBXBuildFile; fileRef = 560872F51451F9BE0069A2DE /* OpenGLES.framework */; };
		560872F81451F9BE0069A2DE /* OpenAL.framework in Frameworks */ = {isa = PBXBuildFile; fileRef = 560872F71451F9BE0069A2DE /* OpenAL.framework */; };
		560872FA1451F9BE0069A2DE /* AudioToolbox.framework in Frameworks */ = {isa = PBXBuildFile; fileRef = 560872F91451F9BE0069A2DE /* AudioToolbox.framework */; };
		560872FC1451F9BE0069A2DE /* AVFoundation.framework in Frameworks */ = {isa = PBXBuildFile; fileRef = 560872FB1451F9BE0069A2DE /* AVFoundation.framework */; };
		560872FE1451F9BE0069A2DE /* UIKit.framework in Frameworks */ = {isa = PBXBuildFile; fileRef = 560872FD1451F9BE0069A2DE /* UIKit.framework */; };
		560873001451F9BE0069A2DE /* Foundation.framework in Frameworks */ = {isa = PBXBuildFile; fileRef = 560872FF1451F9BE0069A2DE /* Foundation.framework */; };
		560873021451F9BE0069A2DE /* CoreGraphics.framework in Frameworks */ = {isa = PBXBuildFile; fileRef = 560873011451F9BE0069A2DE /* CoreGraphics.framework */; };
		560873061451F9BE0069A2DE /* Default.png in Resources */ = {isa = PBXBuildFile; fileRef = 560873051451F9BE0069A2DE /* Default.png */; };
		560873081451F9BE0069A2DE /* fps_images.png in Resources */ = {isa = PBXBuildFile; fileRef = 560873071451F9BE0069A2DE /* fps_images.png */; };
		5608730A1451F9BE0069A2DE /* Icon-72.png in Resources */ = {isa = PBXBuildFile; fileRef = 560873091451F9BE0069A2DE /* Icon-72.png */; };
		5608730C1451F9BE0069A2DE /* Icon-Small-50.png in Resources */ = {isa = PBXBuildFile; fileRef = 5608730B1451F9BE0069A2DE /* Icon-Small-50.png */; };
		5608730E1451F9BE0069A2DE /* Icon-Small.png in Resources */ = {isa = PBXBuildFile; fileRef = 5608730D1451F9BE0069A2DE /* Icon-Small.png */; };
		560873101451F9BE0069A2DE /* Icon-Small@2x.png in Resources */ = {isa = PBXBuildFile; fileRef = 5608730F1451F9BE0069A2DE /* Icon-Small@2x.png */; };
		560873121451F9BE0069A2DE /* Icon.png in Resources */ = {isa = PBXBuildFile; fileRef = 560873111451F9BE0069A2DE /* Icon.png */; };
		560873141451F9BE0069A2DE /* Icon@2x.png in Resources */ = {isa = PBXBuildFile; fileRef = 560873131451F9BE0069A2DE /* Icon@2x.png */; };
		560873171451F9BE0069A2DE /* iTunesArtwork in Resources */ = {isa = PBXBuildFile; fileRef = 560873161451F9BE0069A2DE /* iTunesArtwork */; };
		5608731C1451F9BE0069A2DE /* CCAction.m in Sources */ = {isa = PBXBuildFile; fileRef = 5608731B1451F9BE0069A2DE /* CCAction.m */; };
		5608731F1451F9BE0069A2DE /* CCActionCamera.m in Sources */ = {isa = PBXBuildFile; fileRef = 5608731E1451F9BE0069A2DE /* CCActionCamera.m */; };
		560873221451F9BE0069A2DE /* CCActionEase.m in Sources */ = {isa = PBXBuildFile; fileRef = 560873211451F9BE0069A2DE /* CCActionEase.m */; };
		560873251451F9BE0069A2DE /* CCActionGrid.m in Sources */ = {isa = PBXBuildFile; fileRef = 560873241451F9BE0069A2DE /* CCActionGrid.m */; };
		560873281451F9BE0069A2DE /* CCActionGrid3D.m in Sources */ = {isa = PBXBuildFile; fileRef = 560873271451F9BE0069A2DE /* CCActionGrid3D.m */; };
		5608732B1451F9BE0069A2DE /* CCActionInstant.m in Sources */ = {isa = PBXBuildFile; fileRef = 5608732A1451F9BE0069A2DE /* CCActionInstant.m */; };
		5608732E1451F9BE0069A2DE /* CCActionInterval.m in Sources */ = {isa = PBXBuildFile; fileRef = 5608732D1451F9BE0069A2DE /* CCActionInterval.m */; };
		560873311451F9BE0069A2DE /* CCActionManager.m in Sources */ = {isa = PBXBuildFile; fileRef = 560873301451F9BE0069A2DE /* CCActionManager.m */; };
		560873341451F9BE0069A2DE /* CCActionPageTurn3D.m in Sources */ = {isa = PBXBuildFile; fileRef = 560873331451F9BE0069A2DE /* CCActionPageTurn3D.m */; };
		560873371451F9BE0069A2DE /* CCActionProgressTimer.m in Sources */ = {isa = PBXBuildFile; fileRef = 560873361451F9BE0069A2DE /* CCActionProgressTimer.m */; };
		5608733A1451F9BE0069A2DE /* CCActionTiledGrid.m in Sources */ = {isa = PBXBuildFile; fileRef = 560873391451F9BE0069A2DE /* CCActionTiledGrid.m */; };
		5608733D1451F9BF0069A2DE /* CCActionTween.m in Sources */ = {isa = PBXBuildFile; fileRef = 5608733C1451F9BF0069A2DE /* CCActionTween.m */; };
		560873401451F9BF0069A2DE /* CCAnimation.m in Sources */ = {isa = PBXBuildFile; fileRef = 5608733F1451F9BF0069A2DE /* CCAnimation.m */; };
		560873431451F9BF0069A2DE /* CCAnimationCache.m in Sources */ = {isa = PBXBuildFile; fileRef = 560873421451F9BF0069A2DE /* CCAnimationCache.m */; };
		560873461451F9BF0069A2DE /* CCAtlasNode.m in Sources */ = {isa = PBXBuildFile; fileRef = 560873451451F9BF0069A2DE /* CCAtlasNode.m */; };
		560873491451F9BF0069A2DE /* CCBlockSupport.m in Sources */ = {isa = PBXBuildFile; fileRef = 560873481451F9BF0069A2DE /* CCBlockSupport.m */; };
		5608734C1451F9BF0069A2DE /* CCCamera.m in Sources */ = {isa = PBXBuildFile; fileRef = 5608734B1451F9BF0069A2DE /* CCCamera.m */; };
		560873501451F9BF0069A2DE /* CCConfiguration.m in Sources */ = {isa = PBXBuildFile; fileRef = 5608734F1451F9BF0069A2DE /* CCConfiguration.m */; };
		560873531451F9BF0069A2DE /* CCDirector.m in Sources */ = {isa = PBXBuildFile; fileRef = 560873521451F9BF0069A2DE /* CCDirector.m */; };
		560873561451F9BF0069A2DE /* CCDrawingPrimitives.m in Sources */ = {isa = PBXBuildFile; fileRef = 560873551451F9BF0069A2DE /* CCDrawingPrimitives.m */; };
		560873591451F9BF0069A2DE /* CCGrabber.m in Sources */ = {isa = PBXBuildFile; fileRef = 560873581451F9BF0069A2DE /* CCGrabber.m */; };
		5608735C1451F9BF0069A2DE /* CCGrid.m in Sources */ = {isa = PBXBuildFile; fileRef = 5608735B1451F9BF0069A2DE /* CCGrid.m */; };
		5608735F1451F9BF0069A2DE /* CCLabelAtlas.m in Sources */ = {isa = PBXBuildFile; fileRef = 5608735E1451F9BF0069A2DE /* CCLabelAtlas.m */; };
		560873621451F9BF0069A2DE /* CCLabelBMFont.m in Sources */ = {isa = PBXBuildFile; fileRef = 560873611451F9BF0069A2DE /* CCLabelBMFont.m */; };
		560873651451F9BF0069A2DE /* CCLabelTTF.m in Sources */ = {isa = PBXBuildFile; fileRef = 560873641451F9BF0069A2DE /* CCLabelTTF.m */; };
		560873681451F9BF0069A2DE /* CCLayer.m in Sources */ = {isa = PBXBuildFile; fileRef = 560873671451F9BF0069A2DE /* CCLayer.m */; };
		5608736C1451F9BF0069A2DE /* CCMenu.m in Sources */ = {isa = PBXBuildFile; fileRef = 5608736B1451F9BF0069A2DE /* CCMenu.m */; };
		5608736F1451F9BF0069A2DE /* CCMenuItem.m in Sources */ = {isa = PBXBuildFile; fileRef = 5608736E1451F9BF0069A2DE /* CCMenuItem.m */; };
		560873721451F9BF0069A2DE /* CCMotionStreak.m in Sources */ = {isa = PBXBuildFile; fileRef = 560873711451F9BF0069A2DE /* CCMotionStreak.m */; };
		560873751451F9BF0069A2DE /* CCNode.m in Sources */ = {isa = PBXBuildFile; fileRef = 560873741451F9BF0069A2DE /* CCNode.m */; };
		560873781451F9BF0069A2DE /* CCParallaxNode.m in Sources */ = {isa = PBXBuildFile; fileRef = 560873771451F9BF0069A2DE /* CCParallaxNode.m */; };
		5608737B1451F9BF0069A2DE /* CCParticleExamples.m in Sources */ = {isa = PBXBuildFile; fileRef = 5608737A1451F9BF0069A2DE /* CCParticleExamples.m */; };
		5608737E1451F9BF0069A2DE /* CCParticleSystem.m in Sources */ = {isa = PBXBuildFile; fileRef = 5608737D1451F9BF0069A2DE /* CCParticleSystem.m */; };
		560873811451F9BF0069A2DE /* CCParticleSystemPoint.m in Sources */ = {isa = PBXBuildFile; fileRef = 560873801451F9BF0069A2DE /* CCParticleSystemPoint.m */; };
		560873841451F9BF0069A2DE /* CCParticleSystemQuad.m in Sources */ = {isa = PBXBuildFile; fileRef = 560873831451F9BF0069A2DE /* CCParticleSystemQuad.m */; };
		560873871451F9BF0069A2DE /* CCProgressTimer.m in Sources */ = {isa = PBXBuildFile; fileRef = 560873861451F9BF0069A2DE /* CCProgressTimer.m */; };
		5608738B1451F9BF0069A2DE /* CCRenderTexture.m in Sources */ = {isa = PBXBuildFile; fileRef = 5608738A1451F9BF0069A2DE /* CCRenderTexture.m */; };
		5608738E1451F9BF0069A2DE /* CCRibbon.m in Sources */ = {isa = PBXBuildFile; fileRef = 5608738D1451F9BF0069A2DE /* CCRibbon.m */; };
		560873911451F9BF0069A2DE /* CCScene.m in Sources */ = {isa = PBXBuildFile; fileRef = 560873901451F9BF0069A2DE /* CCScene.m */; };
		560873941451F9BF0069A2DE /* CCScheduler.m in Sources */ = {isa = PBXBuildFile; fileRef = 560873931451F9BF0069A2DE /* CCScheduler.m */; };
		560873971451F9BF0069A2DE /* CCSprite.m in Sources */ = {isa = PBXBuildFile; fileRef = 560873961451F9BF0069A2DE /* CCSprite.m */; };
		5608739A1451F9BF0069A2DE /* CCSpriteBatchNode.m in Sources */ = {isa = PBXBuildFile; fileRef = 560873991451F9BF0069A2DE /* CCSpriteBatchNode.m */; };
		5608739D1451F9BF0069A2DE /* CCSpriteFrame.m in Sources */ = {isa = PBXBuildFile; fileRef = 5608739C1451F9BF0069A2DE /* CCSpriteFrame.m */; };
		560873A01451F9BF0069A2DE /* CCSpriteFrameCache.m in Sources */ = {isa = PBXBuildFile; fileRef = 5608739F1451F9BF0069A2DE /* CCSpriteFrameCache.m */; };
		560873A31451F9BF0069A2DE /* CCTexture2D.m in Sources */ = {isa = PBXBuildFile; fileRef = 560873A21451F9BF0069A2DE /* CCTexture2D.m */; };
		560873A61451F9BF0069A2DE /* CCTextureAtlas.m in Sources */ = {isa = PBXBuildFile; fileRef = 560873A51451F9BF0069A2DE /* CCTextureAtlas.m */; };
		560873A91451F9BF0069A2DE /* CCTextureCache.m in Sources */ = {isa = PBXBuildFile; fileRef = 560873A81451F9BF0069A2DE /* CCTextureCache.m */; };
		560873AC1451F9C00069A2DE /* CCTexturePVR.m in Sources */ = {isa = PBXBuildFile; fileRef = 560873AB1451F9C00069A2DE /* CCTexturePVR.m */; };
		560873AF1451F9C00069A2DE /* CCTileMapAtlas.m in Sources */ = {isa = PBXBuildFile; fileRef = 560873AE1451F9C00069A2DE /* CCTileMapAtlas.m */; };
		560873B21451F9C00069A2DE /* CCTMXLayer.m in Sources */ = {isa = PBXBuildFile; fileRef = 560873B11451F9C00069A2DE /* CCTMXLayer.m */; };
		560873B51451F9C00069A2DE /* CCTMXObjectGroup.m in Sources */ = {isa = PBXBuildFile; fileRef = 560873B41451F9C00069A2DE /* CCTMXObjectGroup.m */; };
		560873B81451F9C00069A2DE /* CCTMXTiledMap.m in Sources */ = {isa = PBXBuildFile; fileRef = 560873B71451F9C00069A2DE /* CCTMXTiledMap.m */; };
		560873BB1451F9C00069A2DE /* CCTMXXMLParser.m in Sources */ = {isa = PBXBuildFile; fileRef = 560873BA1451F9C00069A2DE /* CCTMXXMLParser.m */; };
		560873BE1451F9C00069A2DE /* CCTransition.m in Sources */ = {isa = PBXBuildFile; fileRef = 560873BD1451F9C00069A2DE /* CCTransition.m */; };
		560873C11451F9C00069A2DE /* CCTransitionPageTurn.m in Sources */ = {isa = PBXBuildFile; fileRef = 560873C01451F9C00069A2DE /* CCTransitionPageTurn.m */; };
		560873C41451F9C00069A2DE /* CCTransitionRadial.m in Sources */ = {isa = PBXBuildFile; fileRef = 560873C31451F9C00069A2DE /* CCTransitionRadial.m */; };
		560873C81451F9C00069A2DE /* cocos2d.m in Sources */ = {isa = PBXBuildFile; fileRef = 560873C71451F9C00069A2DE /* cocos2d.m */; };
		560873CF1451F9C00069A2DE /* CCDirectorIOS.m in Sources */ = {isa = PBXBuildFile; fileRef = 560873CE1451F9C00069A2DE /* CCDirectorIOS.m */; };
		560873D31451F9C00069A2DE /* CCTouchDispatcher.m in Sources */ = {isa = PBXBuildFile; fileRef = 560873D21451F9C00069A2DE /* CCTouchDispatcher.m */; };
		560873D61451F9C00069A2DE /* CCTouchHandler.m in Sources */ = {isa = PBXBuildFile; fileRef = 560873D51451F9C00069A2DE /* CCTouchHandler.m */; };
		560873D91451F9C00069A2DE /* EAGLView.m in Sources */ = {isa = PBXBuildFile; fileRef = 560873D81451F9C00069A2DE /* EAGLView.m */; };
		560873DC1451F9C00069A2DE /* ES1Renderer.m in Sources */ = {isa = PBXBuildFile; fileRef = 560873DB1451F9C00069A2DE /* ES1Renderer.m */; };
		560873DF1451F9C00069A2DE /* glu.c in Sources */ = {isa = PBXBuildFile; fileRef = 560873DE1451F9C00069A2DE /* glu.c */; };
		560873E41451F9C00069A2DE /* CCDirectorMac.m in Sources */ = {isa = PBXBuildFile; fileRef = 560873E31451F9C00069A2DE /* CCDirectorMac.m */; };
		560873E71451F9C00069A2DE /* CCEventDispatcher.m in Sources */ = {isa = PBXBuildFile; fileRef = 560873E61451F9C00069A2DE /* CCEventDispatcher.m */; };
		560873EA1451F9C00069A2DE /* MacGLView.m in Sources */ = {isa = PBXBuildFile; fileRef = 560873E91451F9C00069A2DE /* MacGLView.m */; };
		560873ED1451F9C00069A2DE /* MacWindow.m in Sources */ = {isa = PBXBuildFile; fileRef = 560873EC1451F9C00069A2DE /* MacWindow.m */; };
		560873F01451F9C00069A2DE /* base64.c in Sources */ = {isa = PBXBuildFile; fileRef = 560873EF1451F9C00069A2DE /* base64.c */; };
		560873F41451F9C00069A2DE /* CCArray.m in Sources */ = {isa = PBXBuildFile; fileRef = 560873F31451F9C00069A2DE /* CCArray.m */; };
		560873F81451F9C00069A2DE /* CCFileUtils.m in Sources */ = {isa = PBXBuildFile; fileRef = 560873F71451F9C00069A2DE /* CCFileUtils.m */; };
		560873FB1451F9C00069A2DE /* CCProfiling.m in Sources */ = {isa = PBXBuildFile; fileRef = 560873FA1451F9C00069A2DE /* CCProfiling.m */; };
		560873FD1451F9C00069A2DE /* ccUtils.c in Sources */ = {isa = PBXBuildFile; fileRef = 560873FC1451F9C00069A2DE /* ccUtils.c */; };
		560874011451F9C00069A2DE /* CGPointExtension.m in Sources */ = {isa = PBXBuildFile; fileRef = 560874001451F9C00069A2DE /* CGPointExtension.m */; };
		560874051451F9C00069A2DE /* TGAlib.m in Sources */ = {isa = PBXBuildFile; fileRef = 560874041451F9C00069A2DE /* TGAlib.m */; };
		560874081451F9C00069A2DE /* TransformUtils.m in Sources */ = {isa = PBXBuildFile; fileRef = 560874071451F9C00069A2DE /* TransformUtils.m */; };
		5608740D1451F9C00069A2DE /* ZipUtils.m in Sources */ = {isa = PBXBuildFile; fileRef = 5608740C1451F9C00069A2DE /* ZipUtils.m */; };
		560874121451F9C00069A2DE /* CDAudioManager.m in Sources */ = {isa = PBXBuildFile; fileRef = 560874111451F9C00069A2DE /* CDAudioManager.m */; };
		560874161451F9C00069A2DE /* CDOpenALSupport.m in Sources */ = {isa = PBXBuildFile; fileRef = 560874151451F9C00069A2DE /* CDOpenALSupport.m */; };
		560874191451F9C00069A2DE /* CocosDenshion.m in Sources */ = {isa = PBXBuildFile; fileRef = 560874181451F9C00069A2DE /* CocosDenshion.m */; };
		5608741C1451F9C00069A2DE /* SimpleAudioEngine.m in Sources */ = {isa = PBXBuildFile; fileRef = 5608741B1451F9C00069A2DE /* SimpleAudioEngine.m */; };
		560874211451F9C00069A2DE /* CLScoreServerPost.m in Sources */ = {isa = PBXBuildFile; fileRef = 560874201451F9C00069A2DE /* CLScoreServerPost.m */; };
		560874241451F9C00069A2DE /* CLScoreServerRequest.m in Sources */ = {isa = PBXBuildFile; fileRef = 560874231451F9C00069A2DE /* CLScoreServerRequest.m */; };
		560874271451F9C00069A2DE /* cocoslive.m in Sources */ = {isa = PBXBuildFile; fileRef = 560874261451F9C00069A2DE /* cocoslive.m */; };
		5608742C1451F9C00069A2DE /* CDataScanner.m in Sources */ = {isa = PBXBuildFile; fileRef = 5608742B1451F9C00069A2DE /* CDataScanner.m */; };
		560874301451F9C00069A2DE /* CDataScanner_Extensions.m in Sources */ = {isa = PBXBuildFile; fileRef = 5608742F1451F9C00069A2DE /* CDataScanner_Extensions.m */; };
		560874331451F9C00069A2DE /* NSDictionary_JSONExtensions.m in Sources */ = {isa = PBXBuildFile; fileRef = 560874321451F9C00069A2DE /* NSDictionary_JSONExtensions.m */; };
		560874371451F9C00069A2DE /* CJSONDeserializer.m in Sources */ = {isa = PBXBuildFile; fileRef = 560874361451F9C00069A2DE /* CJSONDeserializer.m */; };
		5608743A1451F9C10069A2DE /* CJSONScanner.m in Sources */ = {isa = PBXBuildFile; fileRef = 560874391451F9C10069A2DE /* CJSONScanner.m */; };
		5608743D1451F9C10069A2DE /* CJSONSerializer.m in Sources */ = {isa = PBXBuildFile; fileRef = 5608743C1451F9C10069A2DE /* CJSONSerializer.m */; };
		560874421451F9C10069A2DE /* FontLabel.m in Sources */ = {isa = PBXBuildFile; fileRef = 560874411451F9C10069A2DE /* FontLabel.m */; };
		560874451451F9C10069A2DE /* FontLabelStringDrawing.m in Sources */ = {isa = PBXBuildFile; fileRef = 560874441451F9C10069A2DE /* FontLabelStringDrawing.m */; };
		560874481451F9C10069A2DE /* FontManager.m in Sources */ = {isa = PBXBuildFile; fileRef = 560874471451F9C10069A2DE /* FontManager.m */; };
		5608744B1451F9C10069A2DE /* ZAttributedString.m in Sources */ = {isa = PBXBuildFile; fileRef = 5608744A1451F9C10069A2DE /* ZAttributedString.m */; };
		5608744F1451F9C10069A2DE /* ZFont.m in Sources */ = {isa = PBXBuildFile; fileRef = 5608744E1451F9C10069A2DE /* ZFont.m */; };
		560874541451F9C10069A2DE /* main.m in Sources */ = {isa = PBXBuildFile; fileRef = 560874531451F9C10069A2DE /* main.m */; };
		560874571451F9C10069A2DE /* AppDelegate.m in Sources */ = {isa = PBXBuildFile; fileRef = 560874561451F9C10069A2DE /* AppDelegate.m */; };
		5608745A1451F9C10069A2DE /* RootViewController.m in Sources */ = {isa = PBXBuildFile; fileRef = 560874591451F9C10069A2DE /* RootViewController.m */; };
		56DFF320145A5BF40058E79C /* ColoredCircleSprite.m in Sources */ = {isa = PBXBuildFile; fileRef = 56DFF313145A5BF40058E79C /* ColoredCircleSprite.m */; };
		56DFF321145A5BF40058E79C /* ColoredSquareSprite.m in Sources */ = {isa = PBXBuildFile; fileRef = 56DFF315145A5BF40058E79C /* ColoredSquareSprite.m */; };
		56DFF322145A5BF40058E79C /* SendUDP.c in Sources */ = {isa = PBXBuildFile; fileRef = 56DFF316145A5BF40058E79C /* SendUDP.c */; };
		56DFF323145A5BF40058E79C /* SneakyButton.m in Sources */ = {isa = PBXBuildFile; fileRef = 56DFF319145A5BF40058E79C /* SneakyButton.m */; };
		56DFF324145A5BF40058E79C /* SneakyButtonSkinnedBase.m in Sources */ = {isa = PBXBuildFile; fileRef = 56DFF31B145A5BF40058E79C /* SneakyButtonSkinnedBase.m */; };
		56DFF325145A5BF40058E79C /* SneakyJoystick.m in Sources */ = {isa = PBXBuildFile; fileRef = 56DFF31D145A5BF40058E79C /* SneakyJoystick.m */; };
		56DFF326145A5BF40058E79C /* SneakyJoystickSkinnedBase.m in Sources */ = {isa = PBXBuildFile; fileRef = 56DFF31F145A5BF40058E79C /* SneakyJoystickSkinnedBase.m */; };
		56DFF32A145A5C640058E79C /* MenuLayer.m in Sources */ = {isa = PBXBuildFile; fileRef = 56DFF329145A5C640058E79C /* MenuLayer.m */; };
		56DFF32D145A5E8B0058E79C /* SceneManager.m in Sources */ = {isa = PBXBuildFile; fileRef = 56DFF32C145A5E8B0058E79C /* SceneManager.m */; };
		56DFF330145A5FBC0058E79C /* ControlsLayer.m in Sources */ = {isa = PBXBuildFile; fileRef = 56DFF32F145A5FBC0058E79C /* ControlsLayer.m */; };
/* End PBXBuildFile section */

/* Begin PBXFileReference section */
		560872EF1451F9BE0069A2DE /* DiscoDisplay.app */ = {isa = PBXFileReference; explicitFileType = wrapper.application; includeInIndex = 0; path = DiscoDisplay.app; sourceTree = BUILT_PRODUCTS_DIR; };
		560872F31451F9BE0069A2DE /* QuartzCore.framework */ = {isa = PBXFileReference; lastKnownFileType = wrapper.framework; name = QuartzCore.framework; path = System/Library/Frameworks/QuartzCore.framework; sourceTree = SDKROOT; };
		560872F51451F9BE0069A2DE /* OpenGLES.framework */ = {isa = PBXFileReference; lastKnownFileType = wrapper.framework; name = OpenGLES.framework; path = System/Library/Frameworks/OpenGLES.framework; sourceTree = SDKROOT; };
		560872F71451F9BE0069A2DE /* OpenAL.framework */ = {isa = PBXFileReference; lastKnownFileType = wrapper.framework; name = OpenAL.framework; path = System/Library/Frameworks/OpenAL.framework; sourceTree = SDKROOT; };
		560872F91451F9BE0069A2DE /* AudioToolbox.framework */ = {isa = PBXFileReference; lastKnownFileType = wrapper.framework; name = AudioToolbox.framework; path = System/Library/Frameworks/AudioToolbox.framework; sourceTree = SDKROOT; };
		560872FB1451F9BE0069A2DE /* AVFoundation.framework */ = {isa = PBXFileReference; lastKnownFileType = wrapper.framework; name = AVFoundation.framework; path = System/Library/Frameworks/AVFoundation.framework; sourceTree = SDKROOT; };
		560872FD1451F9BE0069A2DE /* UIKit.framework */ = {isa = PBXFileReference; lastKnownFileType = wrapper.framework; name = UIKit.framework; path = System/Library/Frameworks/UIKit.framework; sourceTree = SDKROOT; };
		560872FF1451F9BE0069A2DE /* Foundation.framework */ = {isa = PBXFileReference; lastKnownFileType = wrapper.framework; name = Foundation.framework; path = System/Library/Frameworks/Foundation.framework; sourceTree = SDKROOT; };
		560873011451F9BE0069A2DE /* CoreGraphics.framework */ = {isa = PBXFileReference; lastKnownFileType = wrapper.framework; name = CoreGraphics.framework; path = System/Library/Frameworks/CoreGraphics.framework; sourceTree = SDKROOT; };
		560873051451F9BE0069A2DE /* Default.png */ = {isa = PBXFileReference; lastKnownFileType = image.png; name = Default.png; path = Resources/Default.png; sourceTree = "<group>"; };
		560873071451F9BE0069A2DE /* fps_images.png */ = {isa = PBXFileReference; lastKnownFileType = image.png; name = fps_images.png; path = Resources/fps_images.png; sourceTree = "<group>"; };
		560873091451F9BE0069A2DE /* Icon-72.png */ = {isa = PBXFileReference; lastKnownFileType = image.png; name = "Icon-72.png"; path = "Resources/Icon-72.png"; sourceTree = "<group>"; };
		5608730B1451F9BE0069A2DE /* Icon-Small-50.png */ = {isa = PBXFileReference; lastKnownFileType = image.png; name = "Icon-Small-50.png"; path = "Resources/Icon-Small-50.png"; sourceTree = "<group>"; };
		5608730D1451F9BE0069A2DE /* Icon-Small.png */ = {isa = PBXFileReference; lastKnownFileType = image.png; name = "Icon-Small.png"; path = "Resources/Icon-Small.png"; sourceTree = "<group>"; };
		5608730F1451F9BE0069A2DE /* Icon-Small@2x.png */ = {isa = PBXFileReference; lastKnownFileType = image.png; name = "Icon-Small@2x.png"; path = "Resources/Icon-Small@2x.png"; sourceTree = "<group>"; };
		560873111451F9BE0069A2DE /* Icon.png */ = {isa = PBXFileReference; lastKnownFileType = image.png; name = Icon.png; path = Resources/Icon.png; sourceTree = "<group>"; };
		560873131451F9BE0069A2DE /* Icon@2x.png */ = {isa = PBXFileReference; lastKnownFileType = image.png; name = "Icon@2x.png"; path = "Resources/Icon@2x.png"; sourceTree = "<group>"; };
		560873151451F9BE0069A2DE /* Info.plist */ = {isa = PBXFileReference; lastKnownFileType = text.plist.xml; name = Info.plist; path = Resources/Info.plist; sourceTree = "<group>"; };
		560873161451F9BE0069A2DE /* iTunesArtwork */ = {isa = PBXFileReference; lastKnownFileType = file; name = iTunesArtwork; path = Resources/iTunesArtwork; sourceTree = "<group>"; };
		5608731A1451F9BE0069A2DE /* CCAction.h */ = {isa = PBXFileReference; lastKnownFileType = sourcecode.c.h; name = CCAction.h; path = libs/cocos2d/CCAction.h; sourceTree = "<group>"; };
		5608731B1451F9BE0069A2DE /* CCAction.m */ = {isa = PBXFileReference; lastKnownFileType = sourcecode.c.objc; name = CCAction.m; path = libs/cocos2d/CCAction.m; sourceTree = "<group>"; };
		5608731D1451F9BE0069A2DE /* CCActionCamera.h */ = {isa = PBXFileReference; lastKnownFileType = sourcecode.c.h; name = CCActionCamera.h; path = libs/cocos2d/CCActionCamera.h; sourceTree = "<group>"; };
		5608731E1451F9BE0069A2DE /* CCActionCamera.m */ = {isa = PBXFileReference; lastKnownFileType = sourcecode.c.objc; name = CCActionCamera.m; path = libs/cocos2d/CCActionCamera.m; sourceTree = "<group>"; };
		560873201451F9BE0069A2DE /* CCActionEase.h */ = {isa = PBXFileReference; lastKnownFileType = sourcecode.c.h; name = CCActionEase.h; path = libs/cocos2d/CCActionEase.h; sourceTree = "<group>"; };
		560873211451F9BE0069A2DE /* CCActionEase.m */ = {isa = PBXFileReference; lastKnownFileType = sourcecode.c.objc; name = CCActionEase.m; path = libs/cocos2d/CCActionEase.m; sourceTree = "<group>"; };
		560873231451F9BE0069A2DE /* CCActionGrid.h */ = {isa = PBXFileReference; lastKnownFileType = sourcecode.c.h; name = CCActionGrid.h; path = libs/cocos2d/CCActionGrid.h; sourceTree = "<group>"; };
		560873241451F9BE0069A2DE /* CCActionGrid.m */ = {isa = PBXFileReference; lastKnownFileType = sourcecode.c.objc; name = CCActionGrid.m; path = libs/cocos2d/CCActionGrid.m; sourceTree = "<group>"; };
		560873261451F9BE0069A2DE /* CCActionGrid3D.h */ = {isa = PBXFileReference; lastKnownFileType = sourcecode.c.h; name = CCActionGrid3D.h; path = libs/cocos2d/CCActionGrid3D.h; sourceTree = "<group>"; };
		560873271451F9BE0069A2DE /* CCActionGrid3D.m */ = {isa = PBXFileReference; lastKnownFileType = sourcecode.c.objc; name = CCActionGrid3D.m; path = libs/cocos2d/CCActionGrid3D.m; sourceTree = "<group>"; };
		560873291451F9BE0069A2DE /* CCActionInstant.h */ = {isa = PBXFileReference; lastKnownFileType = sourcecode.c.h; name = CCActionInstant.h; path = libs/cocos2d/CCActionInstant.h; sourceTree = "<group>"; };
		5608732A1451F9BE0069A2DE /* CCActionInstant.m */ = {isa = PBXFileReference; lastKnownFileType = sourcecode.c.objc; name = CCActionInstant.m; path = libs/cocos2d/CCActionInstant.m; sourceTree = "<group>"; };
		5608732C1451F9BE0069A2DE /* CCActionInterval.h */ = {isa = PBXFileReference; lastKnownFileType = sourcecode.c.h; name = CCActionInterval.h; path = libs/cocos2d/CCActionInterval.h; sourceTree = "<group>"; };
		5608732D1451F9BE0069A2DE /* CCActionInterval.m */ = {isa = PBXFileReference; lastKnownFileType = sourcecode.c.objc; name = CCActionInterval.m; path = libs/cocos2d/CCActionInterval.m; sourceTree = "<group>"; };
		5608732F1451F9BE0069A2DE /* CCActionManager.h */ = {isa = PBXFileReference; lastKnownFileType = sourcecode.c.h; name = CCActionManager.h; path = libs/cocos2d/CCActionManager.h; sourceTree = "<group>"; };
		560873301451F9BE0069A2DE /* CCActionManager.m */ = {isa = PBXFileReference; lastKnownFileType = sourcecode.c.objc; name = CCActionManager.m; path = libs/cocos2d/CCActionManager.m; sourceTree = "<group>"; };
		560873321451F9BE0069A2DE /* CCActionPageTurn3D.h */ = {isa = PBXFileReference; lastKnownFileType = sourcecode.c.h; name = CCActionPageTurn3D.h; path = libs/cocos2d/CCActionPageTurn3D.h; sourceTree = "<group>"; };
		560873331451F9BE0069A2DE /* CCActionPageTurn3D.m */ = {isa = PBXFileReference; lastKnownFileType = sourcecode.c.objc; name = CCActionPageTurn3D.m; path = libs/cocos2d/CCActionPageTurn3D.m; sourceTree = "<group>"; };
		560873351451F9BE0069A2DE /* CCActionProgressTimer.h */ = {isa = PBXFileReference; lastKnownFileType = sourcecode.c.h; name = CCActionProgressTimer.h; path = libs/cocos2d/CCActionProgressTimer.h; sourceTree = "<group>"; };
		560873361451F9BE0069A2DE /* CCActionProgressTimer.m */ = {isa = PBXFileReference; lastKnownFileType = sourcecode.c.objc; name = CCActionProgressTimer.m; path = libs/cocos2d/CCActionProgressTimer.m; sourceTree = "<group>"; };
		560873381451F9BE0069A2DE /* CCActionTiledGrid.h */ = {isa = PBXFileReference; lastKnownFileType = sourcecode.c.h; name = CCActionTiledGrid.h; path = libs/cocos2d/CCActionTiledGrid.h; sourceTree = "<group>"; };
		560873391451F9BE0069A2DE /* CCActionTiledGrid.m */ = {isa = PBXFileReference; lastKnownFileType = sourcecode.c.objc; name = CCActionTiledGrid.m; path = libs/cocos2d/CCActionTiledGrid.m; sourceTree = "<group>"; };
		5608733B1451F9BE0069A2DE /* CCActionTween.h */ = {isa = PBXFileReference; lastKnownFileType = sourcecode.c.h; name = CCActionTween.h; path = libs/cocos2d/CCActionTween.h; sourceTree = "<group>"; };
		5608733C1451F9BF0069A2DE /* CCActionTween.m */ = {isa = PBXFileReference; lastKnownFileType = sourcecode.c.objc; name = CCActionTween.m; path = libs/cocos2d/CCActionTween.m; sourceTree = "<group>"; };
		5608733E1451F9BF0069A2DE /* CCAnimation.h */ = {isa = PBXFileReference; lastKnownFileType = sourcecode.c.h; name = CCAnimation.h; path = libs/cocos2d/CCAnimation.h; sourceTree = "<group>"; };
		5608733F1451F9BF0069A2DE /* CCAnimation.m */ = {isa = PBXFileReference; lastKnownFileType = sourcecode.c.objc; name = CCAnimation.m; path = libs/cocos2d/CCAnimation.m; sourceTree = "<group>"; };
		560873411451F9BF0069A2DE /* CCAnimationCache.h */ = {isa = PBXFileReference; lastKnownFileType = sourcecode.c.h; name = CCAnimationCache.h; path = libs/cocos2d/CCAnimationCache.h; sourceTree = "<group>"; };
		560873421451F9BF0069A2DE /* CCAnimationCache.m */ = {isa = PBXFileReference; lastKnownFileType = sourcecode.c.objc; name = CCAnimationCache.m; path = libs/cocos2d/CCAnimationCache.m; sourceTree = "<group>"; };
		560873441451F9BF0069A2DE /* CCAtlasNode.h */ = {isa = PBXFileReference; lastKnownFileType = sourcecode.c.h; name = CCAtlasNode.h; path = libs/cocos2d/CCAtlasNode.h; sourceTree = "<group>"; };
		560873451451F9BF0069A2DE /* CCAtlasNode.m */ = {isa = PBXFileReference; lastKnownFileType = sourcecode.c.objc; name = CCAtlasNode.m; path = libs/cocos2d/CCAtlasNode.m; sourceTree = "<group>"; };
		560873471451F9BF0069A2DE /* CCBlockSupport.h */ = {isa = PBXFileReference; lastKnownFileType = sourcecode.c.h; name = CCBlockSupport.h; path = libs/cocos2d/CCBlockSupport.h; sourceTree = "<group>"; };
		560873481451F9BF0069A2DE /* CCBlockSupport.m */ = {isa = PBXFileReference; lastKnownFileType = sourcecode.c.objc; name = CCBlockSupport.m; path = libs/cocos2d/CCBlockSupport.m; sourceTree = "<group>"; };
		5608734A1451F9BF0069A2DE /* CCCamera.h */ = {isa = PBXFileReference; lastKnownFileType = sourcecode.c.h; name = CCCamera.h; path = libs/cocos2d/CCCamera.h; sourceTree = "<group>"; };
		5608734B1451F9BF0069A2DE /* CCCamera.m */ = {isa = PBXFileReference; lastKnownFileType = sourcecode.c.objc; name = CCCamera.m; path = libs/cocos2d/CCCamera.m; sourceTree = "<group>"; };
		5608734D1451F9BF0069A2DE /* ccConfig.h */ = {isa = PBXFileReference; lastKnownFileType = sourcecode.c.h; name = ccConfig.h; path = libs/cocos2d/ccConfig.h; sourceTree = "<group>"; };
		5608734E1451F9BF0069A2DE /* CCConfiguration.h */ = {isa = PBXFileReference; lastKnownFileType = sourcecode.c.h; name = CCConfiguration.h; path = libs/cocos2d/CCConfiguration.h; sourceTree = "<group>"; };
		5608734F1451F9BF0069A2DE /* CCConfiguration.m */ = {isa = PBXFileReference; lastKnownFileType = sourcecode.c.objc; name = CCConfiguration.m; path = libs/cocos2d/CCConfiguration.m; sourceTree = "<group>"; };
		560873511451F9BF0069A2DE /* CCDirector.h */ = {isa = PBXFileReference; lastKnownFileType = sourcecode.c.h; name = CCDirector.h; path = libs/cocos2d/CCDirector.h; sourceTree = "<group>"; };
		560873521451F9BF0069A2DE /* CCDirector.m */ = {isa = PBXFileReference; lastKnownFileType = sourcecode.c.objc; name = CCDirector.m; path = libs/cocos2d/CCDirector.m; sourceTree = "<group>"; };
		560873541451F9BF0069A2DE /* CCDrawingPrimitives.h */ = {isa = PBXFileReference; lastKnownFileType = sourcecode.c.h; name = CCDrawingPrimitives.h; path = libs/cocos2d/CCDrawingPrimitives.h; sourceTree = "<group>"; };
		560873551451F9BF0069A2DE /* CCDrawingPrimitives.m */ = {isa = PBXFileReference; lastKnownFileType = sourcecode.c.objc; name = CCDrawingPrimitives.m; path = libs/cocos2d/CCDrawingPrimitives.m; sourceTree = "<group>"; };
		560873571451F9BF0069A2DE /* CCGrabber.h */ = {isa = PBXFileReference; lastKnownFileType = sourcecode.c.h; name = CCGrabber.h; path = libs/cocos2d/CCGrabber.h; sourceTree = "<group>"; };
		560873581451F9BF0069A2DE /* CCGrabber.m */ = {isa = PBXFileReference; lastKnownFileType = sourcecode.c.objc; name = CCGrabber.m; path = libs/cocos2d/CCGrabber.m; sourceTree = "<group>"; };
		5608735A1451F9BF0069A2DE /* CCGrid.h */ = {isa = PBXFileReference; lastKnownFileType = sourcecode.c.h; name = CCGrid.h; path = libs/cocos2d/CCGrid.h; sourceTree = "<group>"; };
		5608735B1451F9BF0069A2DE /* CCGrid.m */ = {isa = PBXFileReference; lastKnownFileType = sourcecode.c.objc; name = CCGrid.m; path = libs/cocos2d/CCGrid.m; sourceTree = "<group>"; };
		5608735D1451F9BF0069A2DE /* CCLabelAtlas.h */ = {isa = PBXFileReference; lastKnownFileType = sourcecode.c.h; name = CCLabelAtlas.h; path = libs/cocos2d/CCLabelAtlas.h; sourceTree = "<group>"; };
		5608735E1451F9BF0069A2DE /* CCLabelAtlas.m */ = {isa = PBXFileReference; lastKnownFileType = sourcecode.c.objc; name = CCLabelAtlas.m; path = libs/cocos2d/CCLabelAtlas.m; sourceTree = "<group>"; };
		560873601451F9BF0069A2DE /* CCLabelBMFont.h */ = {isa = PBXFileReference; lastKnownFileType = sourcecode.c.h; name = CCLabelBMFont.h; path = libs/cocos2d/CCLabelBMFont.h; sourceTree = "<group>"; };
		560873611451F9BF0069A2DE /* CCLabelBMFont.m */ = {isa = PBXFileReference; lastKnownFileType = sourcecode.c.objc; name = CCLabelBMFont.m; path = libs/cocos2d/CCLabelBMFont.m; sourceTree = "<group>"; };
		560873631451F9BF0069A2DE /* CCLabelTTF.h */ = {isa = PBXFileReference; lastKnownFileType = sourcecode.c.h; name = CCLabelTTF.h; path = libs/cocos2d/CCLabelTTF.h; sourceTree = "<group>"; };
		560873641451F9BF0069A2DE /* CCLabelTTF.m */ = {isa = PBXFileReference; lastKnownFileType = sourcecode.c.objc; name = CCLabelTTF.m; path = libs/cocos2d/CCLabelTTF.m; sourceTree = "<group>"; };
		560873661451F9BF0069A2DE /* CCLayer.h */ = {isa = PBXFileReference; lastKnownFileType = sourcecode.c.h; name = CCLayer.h; path = libs/cocos2d/CCLayer.h; sourceTree = "<group>"; };
		560873671451F9BF0069A2DE /* CCLayer.m */ = {isa = PBXFileReference; lastKnownFileType = sourcecode.c.objc; name = CCLayer.m; path = libs/cocos2d/CCLayer.m; sourceTree = "<group>"; };
		560873691451F9BF0069A2DE /* ccMacros.h */ = {isa = PBXFileReference; lastKnownFileType = sourcecode.c.h; name = ccMacros.h; path = libs/cocos2d/ccMacros.h; sourceTree = "<group>"; };
		5608736A1451F9BF0069A2DE /* CCMenu.h */ = {isa = PBXFileReference; lastKnownFileType = sourcecode.c.h; name = CCMenu.h; path = libs/cocos2d/CCMenu.h; sourceTree = "<group>"; };
		5608736B1451F9BF0069A2DE /* CCMenu.m */ = {isa = PBXFileReference; lastKnownFileType = sourcecode.c.objc; name = CCMenu.m; path = libs/cocos2d/CCMenu.m; sourceTree = "<group>"; };
		5608736D1451F9BF0069A2DE /* CCMenuItem.h */ = {isa = PBXFileReference; lastKnownFileType = sourcecode.c.h; name = CCMenuItem.h; path = libs/cocos2d/CCMenuItem.h; sourceTree = "<group>"; };
		5608736E1451F9BF0069A2DE /* CCMenuItem.m */ = {isa = PBXFileReference; lastKnownFileType = sourcecode.c.objc; name = CCMenuItem.m; path = libs/cocos2d/CCMenuItem.m; sourceTree = "<group>"; };
		560873701451F9BF0069A2DE /* CCMotionStreak.h */ = {isa = PBXFileReference; lastKnownFileType = sourcecode.c.h; name = CCMotionStreak.h; path = libs/cocos2d/CCMotionStreak.h; sourceTree = "<group>"; };
		560873711451F9BF0069A2DE /* CCMotionStreak.m */ = {isa = PBXFileReference; lastKnownFileType = sourcecode.c.objc; name = CCMotionStreak.m; path = libs/cocos2d/CCMotionStreak.m; sourceTree = "<group>"; };
		560873731451F9BF0069A2DE /* CCNode.h */ = {isa = PBXFileReference; lastKnownFileType = sourcecode.c.h; name = CCNode.h; path = libs/cocos2d/CCNode.h; sourceTree = "<group>"; };
		560873741451F9BF0069A2DE /* CCNode.m */ = {isa = PBXFileReference; lastKnownFileType = sourcecode.c.objc; name = CCNode.m; path = libs/cocos2d/CCNode.m; sourceTree = "<group>"; };
		560873761451F9BF0069A2DE /* CCParallaxNode.h */ = {isa = PBXFileReference; lastKnownFileType = sourcecode.c.h; name = CCParallaxNode.h; path = libs/cocos2d/CCParallaxNode.h; sourceTree = "<group>"; };
		560873771451F9BF0069A2DE /* CCParallaxNode.m */ = {isa = PBXFileReference; lastKnownFileType = sourcecode.c.objc; name = CCParallaxNode.m; path = libs/cocos2d/CCParallaxNode.m; sourceTree = "<group>"; };
		560873791451F9BF0069A2DE /* CCParticleExamples.h */ = {isa = PBXFileReference; lastKnownFileType = sourcecode.c.h; name = CCParticleExamples.h; path = libs/cocos2d/CCParticleExamples.h; sourceTree = "<group>"; };
		5608737A1451F9BF0069A2DE /* CCParticleExamples.m */ = {isa = PBXFileReference; lastKnownFileType = sourcecode.c.objc; name = CCParticleExamples.m; path = libs/cocos2d/CCParticleExamples.m; sourceTree = "<group>"; };
		5608737C1451F9BF0069A2DE /* CCParticleSystem.h */ = {isa = PBXFileReference; lastKnownFileType = sourcecode.c.h; name = CCParticleSystem.h; path = libs/cocos2d/CCParticleSystem.h; sourceTree = "<group>"; };
		5608737D1451F9BF0069A2DE /* CCParticleSystem.m */ = {isa = PBXFileReference; lastKnownFileType = sourcecode.c.objc; name = CCParticleSystem.m; path = libs/cocos2d/CCParticleSystem.m; sourceTree = "<group>"; };
		5608737F1451F9BF0069A2DE /* CCParticleSystemPoint.h */ = {isa = PBXFileReference; lastKnownFileType = sourcecode.c.h; name = CCParticleSystemPoint.h; path = libs/cocos2d/CCParticleSystemPoint.h; sourceTree = "<group>"; };
		560873801451F9BF0069A2DE /* CCParticleSystemPoint.m */ = {isa = PBXFileReference; lastKnownFileType = sourcecode.c.objc; name = CCParticleSystemPoint.m; path = libs/cocos2d/CCParticleSystemPoint.m; sourceTree = "<group>"; };
		560873821451F9BF0069A2DE /* CCParticleSystemQuad.h */ = {isa = PBXFileReference; lastKnownFileType = sourcecode.c.h; name = CCParticleSystemQuad.h; path = libs/cocos2d/CCParticleSystemQuad.h; sourceTree = "<group>"; };
		560873831451F9BF0069A2DE /* CCParticleSystemQuad.m */ = {isa = PBXFileReference; lastKnownFileType = sourcecode.c.objc; name = CCParticleSystemQuad.m; path = libs/cocos2d/CCParticleSystemQuad.m; sourceTree = "<group>"; };
		560873851451F9BF0069A2DE /* CCProgressTimer.h */ = {isa = PBXFileReference; lastKnownFileType = sourcecode.c.h; name = CCProgressTimer.h; path = libs/cocos2d/CCProgressTimer.h; sourceTree = "<group>"; };
		560873861451F9BF0069A2DE /* CCProgressTimer.m */ = {isa = PBXFileReference; lastKnownFileType = sourcecode.c.objc; name = CCProgressTimer.m; path = libs/cocos2d/CCProgressTimer.m; sourceTree = "<group>"; };
		560873881451F9BF0069A2DE /* CCProtocols.h */ = {isa = PBXFileReference; lastKnownFileType = sourcecode.c.h; name = CCProtocols.h; path = libs/cocos2d/CCProtocols.h; sourceTree = "<group>"; };
		560873891451F9BF0069A2DE /* CCRenderTexture.h */ = {isa = PBXFileReference; lastKnownFileType = sourcecode.c.h; name = CCRenderTexture.h; path = libs/cocos2d/CCRenderTexture.h; sourceTree = "<group>"; };
		5608738A1451F9BF0069A2DE /* CCRenderTexture.m */ = {isa = PBXFileReference; lastKnownFileType = sourcecode.c.objc; name = CCRenderTexture.m; path = libs/cocos2d/CCRenderTexture.m; sourceTree = "<group>"; };
		5608738C1451F9BF0069A2DE /* CCRibbon.h */ = {isa = PBXFileReference; lastKnownFileType = sourcecode.c.h; name = CCRibbon.h; path = libs/cocos2d/CCRibbon.h; sourceTree = "<group>"; };
		5608738D1451F9BF0069A2DE /* CCRibbon.m */ = {isa = PBXFileReference; lastKnownFileType = sourcecode.c.objc; name = CCRibbon.m; path = libs/cocos2d/CCRibbon.m; sourceTree = "<group>"; };
		5608738F1451F9BF0069A2DE /* CCScene.h */ = {isa = PBXFileReference; lastKnownFileType = sourcecode.c.h; name = CCScene.h; path = libs/cocos2d/CCScene.h; sourceTree = "<group>"; };
		560873901451F9BF0069A2DE /* CCScene.m */ = {isa = PBXFileReference; lastKnownFileType = sourcecode.c.objc; name = CCScene.m; path = libs/cocos2d/CCScene.m; sourceTree = "<group>"; };
		560873921451F9BF0069A2DE /* CCScheduler.h */ = {isa = PBXFileReference; lastKnownFileType = sourcecode.c.h; name = CCScheduler.h; path = libs/cocos2d/CCScheduler.h; sourceTree = "<group>"; };
		560873931451F9BF0069A2DE /* CCScheduler.m */ = {isa = PBXFileReference; lastKnownFileType = sourcecode.c.objc; name = CCScheduler.m; path = libs/cocos2d/CCScheduler.m; sourceTree = "<group>"; };
		560873951451F9BF0069A2DE /* CCSprite.h */ = {isa = PBXFileReference; lastKnownFileType = sourcecode.c.h; name = CCSprite.h; path = libs/cocos2d/CCSprite.h; sourceTree = "<group>"; };
		560873961451F9BF0069A2DE /* CCSprite.m */ = {isa = PBXFileReference; lastKnownFileType = sourcecode.c.objc; name = CCSprite.m; path = libs/cocos2d/CCSprite.m; sourceTree = "<group>"; };
		560873981451F9BF0069A2DE /* CCSpriteBatchNode.h */ = {isa = PBXFileReference; lastKnownFileType = sourcecode.c.h; name = CCSpriteBatchNode.h; path = libs/cocos2d/CCSpriteBatchNode.h; sourceTree = "<group>"; };
		560873991451F9BF0069A2DE /* CCSpriteBatchNode.m */ = {isa = PBXFileReference; lastKnownFileType = sourcecode.c.objc; name = CCSpriteBatchNode.m; path = libs/cocos2d/CCSpriteBatchNode.m; sourceTree = "<group>"; };
		5608739B1451F9BF0069A2DE /* CCSpriteFrame.h */ = {isa = PBXFileReference; lastKnownFileType = sourcecode.c.h; name = CCSpriteFrame.h; path = libs/cocos2d/CCSpriteFrame.h; sourceTree = "<group>"; };
		5608739C1451F9BF0069A2DE /* CCSpriteFrame.m */ = {isa = PBXFileReference; lastKnownFileType = sourcecode.c.objc; name = CCSpriteFrame.m; path = libs/cocos2d/CCSpriteFrame.m; sourceTree = "<group>"; };
		5608739E1451F9BF0069A2DE /* CCSpriteFrameCache.h */ = {isa = PBXFileReference; lastKnownFileType = sourcecode.c.h; name = CCSpriteFrameCache.h; path = libs/cocos2d/CCSpriteFrameCache.h; sourceTree = "<group>"; };
		5608739F1451F9BF0069A2DE /* CCSpriteFrameCache.m */ = {isa = PBXFileReference; lastKnownFileType = sourcecode.c.objc; name = CCSpriteFrameCache.m; path = libs/cocos2d/CCSpriteFrameCache.m; sourceTree = "<group>"; };
		560873A11451F9BF0069A2DE /* CCTexture2D.h */ = {isa = PBXFileReference; lastKnownFileType = sourcecode.c.h; name = CCTexture2D.h; path = libs/cocos2d/CCTexture2D.h; sourceTree = "<group>"; };
		560873A21451F9BF0069A2DE /* CCTexture2D.m */ = {isa = PBXFileReference; lastKnownFileType = sourcecode.c.objc; name = CCTexture2D.m; path = libs/cocos2d/CCTexture2D.m; sourceTree = "<group>"; };
		560873A41451F9BF0069A2DE /* CCTextureAtlas.h */ = {isa = PBXFileReference; lastKnownFileType = sourcecode.c.h; name = CCTextureAtlas.h; path = libs/cocos2d/CCTextureAtlas.h; sourceTree = "<group>"; };
		560873A51451F9BF0069A2DE /* CCTextureAtlas.m */ = {isa = PBXFileReference; lastKnownFileType = sourcecode.c.objc; name = CCTextureAtlas.m; path = libs/cocos2d/CCTextureAtlas.m; sourceTree = "<group>"; };
		560873A71451F9BF0069A2DE /* CCTextureCache.h */ = {isa = PBXFileReference; lastKnownFileType = sourcecode.c.h; name = CCTextureCache.h; path = libs/cocos2d/CCTextureCache.h; sourceTree = "<group>"; };
		560873A81451F9BF0069A2DE /* CCTextureCache.m */ = {isa = PBXFileReference; lastKnownFileType = sourcecode.c.objc; name = CCTextureCache.m; path = libs/cocos2d/CCTextureCache.m; sourceTree = "<group>"; };
		560873AA1451F9BF0069A2DE /* CCTexturePVR.h */ = {isa = PBXFileReference; lastKnownFileType = sourcecode.c.h; name = CCTexturePVR.h; path = libs/cocos2d/CCTexturePVR.h; sourceTree = "<group>"; };
		560873AB1451F9C00069A2DE /* CCTexturePVR.m */ = {isa = PBXFileReference; lastKnownFileType = sourcecode.c.objc; name = CCTexturePVR.m; path = libs/cocos2d/CCTexturePVR.m; sourceTree = "<group>"; };
		560873AD1451F9C00069A2DE /* CCTileMapAtlas.h */ = {isa = PBXFileReference; lastKnownFileType = sourcecode.c.h; name = CCTileMapAtlas.h; path = libs/cocos2d/CCTileMapAtlas.h; sourceTree = "<group>"; };
		560873AE1451F9C00069A2DE /* CCTileMapAtlas.m */ = {isa = PBXFileReference; lastKnownFileType = sourcecode.c.objc; name = CCTileMapAtlas.m; path = libs/cocos2d/CCTileMapAtlas.m; sourceTree = "<group>"; };
		560873B01451F9C00069A2DE /* CCTMXLayer.h */ = {isa = PBXFileReference; lastKnownFileType = sourcecode.c.h; name = CCTMXLayer.h; path = libs/cocos2d/CCTMXLayer.h; sourceTree = "<group>"; };
		560873B11451F9C00069A2DE /* CCTMXLayer.m */ = {isa = PBXFileReference; lastKnownFileType = sourcecode.c.objc; name = CCTMXLayer.m; path = libs/cocos2d/CCTMXLayer.m; sourceTree = "<group>"; };
		560873B31451F9C00069A2DE /* CCTMXObjectGroup.h */ = {isa = PBXFileReference; lastKnownFileType = sourcecode.c.h; name = CCTMXObjectGroup.h; path = libs/cocos2d/CCTMXObjectGroup.h; sourceTree = "<group>"; };
		560873B41451F9C00069A2DE /* CCTMXObjectGroup.m */ = {isa = PBXFileReference; lastKnownFileType = sourcecode.c.objc; name = CCTMXObjectGroup.m; path = libs/cocos2d/CCTMXObjectGroup.m; sourceTree = "<group>"; };
		560873B61451F9C00069A2DE /* CCTMXTiledMap.h */ = {isa = PBXFileReference; lastKnownFileType = sourcecode.c.h; name = CCTMXTiledMap.h; path = libs/cocos2d/CCTMXTiledMap.h; sourceTree = "<group>"; };
		560873B71451F9C00069A2DE /* CCTMXTiledMap.m */ = {isa = PBXFileReference; lastKnownFileType = sourcecode.c.objc; name = CCTMXTiledMap.m; path = libs/cocos2d/CCTMXTiledMap.m; sourceTree = "<group>"; };
		560873B91451F9C00069A2DE /* CCTMXXMLParser.h */ = {isa = PBXFileReference; lastKnownFileType = sourcecode.c.h; name = CCTMXXMLParser.h; path = libs/cocos2d/CCTMXXMLParser.h; sourceTree = "<group>"; };
		560873BA1451F9C00069A2DE /* CCTMXXMLParser.m */ = {isa = PBXFileReference; lastKnownFileType = sourcecode.c.objc; name = CCTMXXMLParser.m; path = libs/cocos2d/CCTMXXMLParser.m; sourceTree = "<group>"; };
		560873BC1451F9C00069A2DE /* CCTransition.h */ = {isa = PBXFileReference; lastKnownFileType = sourcecode.c.h; name = CCTransition.h; path = libs/cocos2d/CCTransition.h; sourceTree = "<group>"; };
		560873BD1451F9C00069A2DE /* CCTransition.m */ = {isa = PBXFileReference; lastKnownFileType = sourcecode.c.objc; name = CCTransition.m; path = libs/cocos2d/CCTransition.m; sourceTree = "<group>"; };
		560873BF1451F9C00069A2DE /* CCTransitionPageTurn.h */ = {isa = PBXFileReference; lastKnownFileType = sourcecode.c.h; name = CCTransitionPageTurn.h; path = libs/cocos2d/CCTransitionPageTurn.h; sourceTree = "<group>"; };
		560873C01451F9C00069A2DE /* CCTransitionPageTurn.m */ = {isa = PBXFileReference; lastKnownFileType = sourcecode.c.objc; name = CCTransitionPageTurn.m; path = libs/cocos2d/CCTransitionPageTurn.m; sourceTree = "<group>"; };
		560873C21451F9C00069A2DE /* CCTransitionRadial.h */ = {isa = PBXFileReference; lastKnownFileType = sourcecode.c.h; name = CCTransitionRadial.h; path = libs/cocos2d/CCTransitionRadial.h; sourceTree = "<group>"; };
		560873C31451F9C00069A2DE /* CCTransitionRadial.m */ = {isa = PBXFileReference; lastKnownFileType = sourcecode.c.objc; name = CCTransitionRadial.m; path = libs/cocos2d/CCTransitionRadial.m; sourceTree = "<group>"; };
		560873C51451F9C00069A2DE /* ccTypes.h */ = {isa = PBXFileReference; lastKnownFileType = sourcecode.c.h; name = ccTypes.h; path = libs/cocos2d/ccTypes.h; sourceTree = "<group>"; };
		560873C61451F9C00069A2DE /* cocos2d.h */ = {isa = PBXFileReference; lastKnownFileType = sourcecode.c.h; name = cocos2d.h; path = libs/cocos2d/cocos2d.h; sourceTree = "<group>"; };
		560873C71451F9C00069A2DE /* cocos2d.m */ = {isa = PBXFileReference; lastKnownFileType = sourcecode.c.objc; name = cocos2d.m; path = libs/cocos2d/cocos2d.m; sourceTree = "<group>"; };
		560873CA1451F9C00069A2DE /* CCGL.h */ = {isa = PBXFileReference; lastKnownFileType = sourcecode.c.h; name = CCGL.h; path = libs/cocos2d/Platforms/CCGL.h; sourceTree = "<group>"; };
		560873CB1451F9C00069A2DE /* CCNS.h */ = {isa = PBXFileReference; lastKnownFileType = sourcecode.c.h; name = CCNS.h; path = libs/cocos2d/Platforms/CCNS.h; sourceTree = "<group>"; };
		560873CD1451F9C00069A2DE /* CCDirectorIOS.h */ = {isa = PBXFileReference; lastKnownFileType = sourcecode.c.h; name = CCDirectorIOS.h; path = libs/cocos2d/Platforms/iOS/CCDirectorIOS.h; sourceTree = "<group>"; };
		560873CE1451F9C00069A2DE /* CCDirectorIOS.m */ = {isa = PBXFileReference; lastKnownFileType = sourcecode.c.objc; name = CCDirectorIOS.m; path = libs/cocos2d/Platforms/iOS/CCDirectorIOS.m; sourceTree = "<group>"; };
		560873D01451F9C00069A2DE /* CCTouchDelegateProtocol.h */ = {isa = PBXFileReference; lastKnownFileType = sourcecode.c.h; name = CCTouchDelegateProtocol.h; path = libs/cocos2d/Platforms/iOS/CCTouchDelegateProtocol.h; sourceTree = "<group>"; };
		560873D11451F9C00069A2DE /* CCTouchDispatcher.h */ = {isa = PBXFileReference; lastKnownFileType = sourcecode.c.h; name = CCTouchDispatcher.h; path = libs/cocos2d/Platforms/iOS/CCTouchDispatcher.h; sourceTree = "<group>"; };
		560873D21451F9C00069A2DE /* CCTouchDispatcher.m */ = {isa = PBXFileReference; lastKnownFileType = sourcecode.c.objc; name = CCTouchDispatcher.m; path = libs/cocos2d/Platforms/iOS/CCTouchDispatcher.m; sourceTree = "<group>"; };
		560873D41451F9C00069A2DE /* CCTouchHandler.h */ = {isa = PBXFileReference; lastKnownFileType = sourcecode.c.h; name = CCTouchHandler.h; path = libs/cocos2d/Platforms/iOS/CCTouchHandler.h; sourceTree = "<group>"; };
		560873D51451F9C00069A2DE /* CCTouchHandler.m */ = {isa = PBXFileReference; lastKnownFileType = sourcecode.c.objc; name = CCTouchHandler.m; path = libs/cocos2d/Platforms/iOS/CCTouchHandler.m; sourceTree = "<group>"; };
		560873D71451F9C00069A2DE /* EAGLView.h */ = {isa = PBXFileReference; lastKnownFileType = sourcecode.c.h; name = EAGLView.h; path = libs/cocos2d/Platforms/iOS/EAGLView.h; sourceTree = "<group>"; };
		560873D81451F9C00069A2DE /* EAGLView.m */ = {isa = PBXFileReference; lastKnownFileType = sourcecode.c.objc; name = EAGLView.m; path = libs/cocos2d/Platforms/iOS/EAGLView.m; sourceTree = "<group>"; };
		560873DA1451F9C00069A2DE /* ES1Renderer.h */ = {isa = PBXFileReference; lastKnownFileType = sourcecode.c.h; name = ES1Renderer.h; path = libs/cocos2d/Platforms/iOS/ES1Renderer.h; sourceTree = "<group>"; };
		560873DB1451F9C00069A2DE /* ES1Renderer.m */ = {isa = PBXFileReference; lastKnownFileType = sourcecode.c.objc; name = ES1Renderer.m; path = libs/cocos2d/Platforms/iOS/ES1Renderer.m; sourceTree = "<group>"; };
		560873DD1451F9C00069A2DE /* ESRenderer.h */ = {isa = PBXFileReference; lastKnownFileType = sourcecode.c.h; name = ESRenderer.h; path = libs/cocos2d/Platforms/iOS/ESRenderer.h; sourceTree = "<group>"; };
		560873DE1451F9C00069A2DE /* glu.c */ = {isa = PBXFileReference; lastKnownFileType = sourcecode.c.c; name = glu.c; path = libs/cocos2d/Platforms/iOS/glu.c; sourceTree = "<group>"; };
		560873E01451F9C00069A2DE /* glu.h */ = {isa = PBXFileReference; lastKnownFileType = sourcecode.c.h; name = glu.h; path = libs/cocos2d/Platforms/iOS/glu.h; sourceTree = "<group>"; };
		560873E21451F9C00069A2DE /* CCDirectorMac.h */ = {isa = PBXFileReference; lastKnownFileType = sourcecode.c.h; name = CCDirectorMac.h; path = libs/cocos2d/Platforms/Mac/CCDirectorMac.h; sourceTree = "<group>"; };
		560873E31451F9C00069A2DE /* CCDirectorMac.m */ = {isa = PBXFileReference; lastKnownFileType = sourcecode.c.objc; name = CCDirectorMac.m; path = libs/cocos2d/Platforms/Mac/CCDirectorMac.m; sourceTree = "<group>"; };
		560873E51451F9C00069A2DE /* CCEventDispatcher.h */ = {isa = PBXFileReference; lastKnownFileType = sourcecode.c.h; name = CCEventDispatcher.h; path = libs/cocos2d/Platforms/Mac/CCEventDispatcher.h; sourceTree = "<group>"; };
		560873E61451F9C00069A2DE /* CCEventDispatcher.m */ = {isa = PBXFileReference; lastKnownFileType = sourcecode.c.objc; name = CCEventDispatcher.m; path = libs/cocos2d/Platforms/Mac/CCEventDispatcher.m; sourceTree = "<group>"; };
		560873E81451F9C00069A2DE /* MacGLView.h */ = {isa = PBXFileReference; lastKnownFileType = sourcecode.c.h; name = MacGLView.h; path = libs/cocos2d/Platforms/Mac/MacGLView.h; sourceTree = "<group>"; };
		560873E91451F9C00069A2DE /* MacGLView.m */ = {isa = PBXFileReference; lastKnownFileType = sourcecode.c.objc; name = MacGLView.m; path = libs/cocos2d/Platforms/Mac/MacGLView.m; sourceTree = "<group>"; };
		560873EB1451F9C00069A2DE /* MacWindow.h */ = {isa = PBXFileReference; lastKnownFileType = sourcecode.c.h; name = MacWindow.h; path = libs/cocos2d/Platforms/Mac/MacWindow.h; sourceTree = "<group>"; };
		560873EC1451F9C00069A2DE /* MacWindow.m */ = {isa = PBXFileReference; lastKnownFileType = sourcecode.c.objc; name = MacWindow.m; path = libs/cocos2d/Platforms/Mac/MacWindow.m; sourceTree = "<group>"; };
		560873EF1451F9C00069A2DE /* base64.c */ = {isa = PBXFileReference; lastKnownFileType = sourcecode.c.c; name = base64.c; path = libs/cocos2d/Support/base64.c; sourceTree = "<group>"; };
		560873F11451F9C00069A2DE /* base64.h */ = {isa = PBXFileReference; lastKnownFileType = sourcecode.c.h; name = base64.h; path = libs/cocos2d/Support/base64.h; sourceTree = "<group>"; };
		560873F21451F9C00069A2DE /* CCArray.h */ = {isa = PBXFileReference; lastKnownFileType = sourcecode.c.h; name = CCArray.h; path = libs/cocos2d/Support/CCArray.h; sourceTree = "<group>"; };
		560873F31451F9C00069A2DE /* CCArray.m */ = {isa = PBXFileReference; lastKnownFileType = sourcecode.c.objc; name = CCArray.m; path = libs/cocos2d/Support/CCArray.m; sourceTree = "<group>"; };
		560873F51451F9C00069A2DE /* ccCArray.h */ = {isa = PBXFileReference; lastKnownFileType = sourcecode.c.h; name = ccCArray.h; path = libs/cocos2d/Support/ccCArray.h; sourceTree = "<group>"; };
		560873F61451F9C00069A2DE /* CCFileUtils.h */ = {isa = PBXFileReference; lastKnownFileType = sourcecode.c.h; name = CCFileUtils.h; path = libs/cocos2d/Support/CCFileUtils.h; sourceTree = "<group>"; };
		560873F71451F9C00069A2DE /* CCFileUtils.m */ = {isa = PBXFileReference; lastKnownFileType = sourcecode.c.objc; name = CCFileUtils.m; path = libs/cocos2d/Support/CCFileUtils.m; sourceTree = "<group>"; };
		560873F91451F9C00069A2DE /* CCProfiling.h */ = {isa = PBXFileReference; lastKnownFileType = sourcecode.c.h; name = CCProfiling.h; path = libs/cocos2d/Support/CCProfiling.h; sourceTree = "<group>"; };
		560873FA1451F9C00069A2DE /* CCProfiling.m */ = {isa = PBXFileReference; lastKnownFileType = sourcecode.c.objc; name = CCProfiling.m; path = libs/cocos2d/Support/CCProfiling.m; sourceTree = "<group>"; };
		560873FC1451F9C00069A2DE /* ccUtils.c */ = {isa = PBXFileReference; lastKnownFileType = sourcecode.c.c; name = ccUtils.c; path = libs/cocos2d/Support/ccUtils.c; sourceTree = "<group>"; };
		560873FE1451F9C00069A2DE /* ccUtils.h */ = {isa = PBXFileReference; lastKnownFileType = sourcecode.c.h; name = ccUtils.h; path = libs/cocos2d/Support/ccUtils.h; sourceTree = "<group>"; };
		560873FF1451F9C00069A2DE /* CGPointExtension.h */ = {isa = PBXFileReference; lastKnownFileType = sourcecode.c.h; name = CGPointExtension.h; path = libs/cocos2d/Support/CGPointExtension.h; sourceTree = "<group>"; };
		560874001451F9C00069A2DE /* CGPointExtension.m */ = {isa = PBXFileReference; lastKnownFileType = sourcecode.c.objc; name = CGPointExtension.m; path = libs/cocos2d/Support/CGPointExtension.m; sourceTree = "<group>"; };
		560874021451F9C00069A2DE /* OpenGL_Internal.h */ = {isa = PBXFileReference; lastKnownFileType = sourcecode.c.h; name = OpenGL_Internal.h; path = libs/cocos2d/Support/OpenGL_Internal.h; sourceTree = "<group>"; };
		560874031451F9C00069A2DE /* TGAlib.h */ = {isa = PBXFileReference; lastKnownFileType = sourcecode.c.h; name = TGAlib.h; path = libs/cocos2d/Support/TGAlib.h; sourceTree = "<group>"; };
		560874041451F9C00069A2DE /* TGAlib.m */ = {isa = PBXFileReference; lastKnownFileType = sourcecode.c.objc; name = TGAlib.m; path = libs/cocos2d/Support/TGAlib.m; sourceTree = "<group>"; };
		560874061451F9C00069A2DE /* TransformUtils.h */ = {isa = PBXFileReference; lastKnownFileType = sourcecode.c.h; name = TransformUtils.h; path = libs/cocos2d/Support/TransformUtils.h; sourceTree = "<group>"; };
		560874071451F9C00069A2DE /* TransformUtils.m */ = {isa = PBXFileReference; lastKnownFileType = sourcecode.c.objc; name = TransformUtils.m; path = libs/cocos2d/Support/TransformUtils.m; sourceTree = "<group>"; };
		560874091451F9C00069A2DE /* uthash.h */ = {isa = PBXFileReference; lastKnownFileType = sourcecode.c.h; name = uthash.h; path = libs/cocos2d/Support/uthash.h; sourceTree = "<group>"; };
		5608740A1451F9C00069A2DE /* utlist.h */ = {isa = PBXFileReference; lastKnownFileType = sourcecode.c.h; name = utlist.h; path = libs/cocos2d/Support/utlist.h; sourceTree = "<group>"; };
		5608740B1451F9C00069A2DE /* ZipUtils.h */ = {isa = PBXFileReference; lastKnownFileType = sourcecode.c.h; name = ZipUtils.h; path = libs/cocos2d/Support/ZipUtils.h; sourceTree = "<group>"; };
		5608740C1451F9C00069A2DE /* ZipUtils.m */ = {isa = PBXFileReference; lastKnownFileType = sourcecode.c.objc; name = ZipUtils.m; path = libs/cocos2d/Support/ZipUtils.m; sourceTree = "<group>"; };
		5608740E1451F9C00069A2DE /* LICENSE_cocos2d.txt */ = {isa = PBXFileReference; lastKnownFileType = text; name = LICENSE_cocos2d.txt; path = libs/LICENSE_cocos2d.txt; sourceTree = "<group>"; };
		560874101451F9C00069A2DE /* CDAudioManager.h */ = {isa = PBXFileReference; lastKnownFileType = sourcecode.c.h; name = CDAudioManager.h; path = libs/CocosDenshion/CDAudioManager.h; sourceTree = "<group>"; };
		560874111451F9C00069A2DE /* CDAudioManager.m */ = {isa = PBXFileReference; lastKnownFileType = sourcecode.c.objc; name = CDAudioManager.m; path = libs/CocosDenshion/CDAudioManager.m; sourceTree = "<group>"; };
		560874131451F9C00069A2DE /* CDConfig.h */ = {isa = PBXFileReference; lastKnownFileType = sourcecode.c.h; name = CDConfig.h; path = libs/CocosDenshion/CDConfig.h; sourceTree = "<group>"; };
		560874141451F9C00069A2DE /* CDOpenALSupport.h */ = {isa = PBXFileReference; lastKnownFileType = sourcecode.c.h; name = CDOpenALSupport.h; path = libs/CocosDenshion/CDOpenALSupport.h; sourceTree = "<group>"; };
		560874151451F9C00069A2DE /* CDOpenALSupport.m */ = {isa = PBXFileReference; lastKnownFileType = sourcecode.c.objc; name = CDOpenALSupport.m; path = libs/CocosDenshion/CDOpenALSupport.m; sourceTree = "<group>"; };
		560874171451F9C00069A2DE /* CocosDenshion.h */ = {isa = PBXFileReference; lastKnownFileType = sourcecode.c.h; name = CocosDenshion.h; path = libs/CocosDenshion/CocosDenshion.h; sourceTree = "<group>"; };
		560874181451F9C00069A2DE /* CocosDenshion.m */ = {isa = PBXFileReference; lastKnownFileType = sourcecode.c.objc; name = CocosDenshion.m; path = libs/CocosDenshion/CocosDenshion.m; sourceTree = "<group>"; };
		5608741A1451F9C00069A2DE /* SimpleAudioEngine.h */ = {isa = PBXFileReference; lastKnownFileType = sourcecode.c.h; name = SimpleAudioEngine.h; path = libs/CocosDenshion/SimpleAudioEngine.h; sourceTree = "<group>"; };
		5608741B1451F9C00069A2DE /* SimpleAudioEngine.m */ = {isa = PBXFileReference; lastKnownFileType = sourcecode.c.objc; name = SimpleAudioEngine.m; path = libs/CocosDenshion/SimpleAudioEngine.m; sourceTree = "<group>"; };
		5608741D1451F9C00069A2DE /* LICENSE_CocosDenshion.txt */ = {isa = PBXFileReference; lastKnownFileType = text; name = LICENSE_CocosDenshion.txt; path = libs/LICENSE_CocosDenshion.txt; sourceTree = "<group>"; };
		5608741F1451F9C00069A2DE /* CLScoreServerPost.h */ = {isa = PBXFileReference; lastKnownFileType = sourcecode.c.h; name = CLScoreServerPost.h; path = libs/cocoslive/CLScoreServerPost.h; sourceTree = "<group>"; };
		560874201451F9C00069A2DE /* CLScoreServerPost.m */ = {isa = PBXFileReference; lastKnownFileType = sourcecode.c.objc; name = CLScoreServerPost.m; path = libs/cocoslive/CLScoreServerPost.m; sourceTree = "<group>"; };
		560874221451F9C00069A2DE /* CLScoreServerRequest.h */ = {isa = PBXFileReference; lastKnownFileType = sourcecode.c.h; name = CLScoreServerRequest.h; path = libs/cocoslive/CLScoreServerRequest.h; sourceTree = "<group>"; };
		560874231451F9C00069A2DE /* CLScoreServerRequest.m */ = {isa = PBXFileReference; lastKnownFileType = sourcecode.c.objc; name = CLScoreServerRequest.m; path = libs/cocoslive/CLScoreServerRequest.m; sourceTree = "<group>"; };
		560874251451F9C00069A2DE /* cocoslive.h */ = {isa = PBXFileReference; lastKnownFileType = sourcecode.c.h; name = cocoslive.h; path = libs/cocoslive/cocoslive.h; sourceTree = "<group>"; };
		560874261451F9C00069A2DE /* cocoslive.m */ = {isa = PBXFileReference; lastKnownFileType = sourcecode.c.objc; name = cocoslive.m; path = libs/cocoslive/cocoslive.m; sourceTree = "<group>"; };
		560874281451F9C00069A2DE /* LICENSE_TouchJSON.txt */ = {isa = PBXFileReference; lastKnownFileType = text; name = LICENSE_TouchJSON.txt; path = libs/LICENSE_TouchJSON.txt; sourceTree = "<group>"; };
		5608742A1451F9C00069A2DE /* CDataScanner.h */ = {isa = PBXFileReference; lastKnownFileType = sourcecode.c.h; name = CDataScanner.h; path = libs/TouchJSON/CDataScanner.h; sourceTree = "<group>"; };
		5608742B1451F9C00069A2DE /* CDataScanner.m */ = {isa = PBXFileReference; lastKnownFileType = sourcecode.c.objc; name = CDataScanner.m; path = libs/TouchJSON/CDataScanner.m; sourceTree = "<group>"; };
		5608742E1451F9C00069A2DE /* CDataScanner_Extensions.h */ = {isa = PBXFileReference; lastKnownFileType = sourcecode.c.h; name = CDataScanner_Extensions.h; path = libs/TouchJSON/Extensions/CDataScanner_Extensions.h; sourceTree = "<group>"; };
		5608742F1451F9C00069A2DE /* CDataScanner_Extensions.m */ = {isa = PBXFileReference; lastKnownFileType = sourcecode.c.objc; name = CDataScanner_Extensions.m; path = libs/TouchJSON/Extensions/CDataScanner_Extensions.m; sourceTree = "<group>"; };
		560874311451F9C00069A2DE /* NSDictionary_JSONExtensions.h */ = {isa = PBXFileReference; lastKnownFileType = sourcecode.c.h; name = NSDictionary_JSONExtensions.h; path = libs/TouchJSON/Extensions/NSDictionary_JSONExtensions.h; sourceTree = "<group>"; };
		560874321451F9C00069A2DE /* NSDictionary_JSONExtensions.m */ = {isa = PBXFileReference; lastKnownFileType = sourcecode.c.objc; name = NSDictionary_JSONExtensions.m; path = libs/TouchJSON/Extensions/NSDictionary_JSONExtensions.m; sourceTree = "<group>"; };
		560874351451F9C00069A2DE /* CJSONDeserializer.h */ = {isa = PBXFileReference; lastKnownFileType = sourcecode.c.h; name = CJSONDeserializer.h; path = libs/TouchJSON/JSON/CJSONDeserializer.h; sourceTree = "<group>"; };
		560874361451F9C00069A2DE /* CJSONDeserializer.m */ = {isa = PBXFileReference; lastKnownFileType = sourcecode.c.objc; name = CJSONDeserializer.m; path = libs/TouchJSON/JSON/CJSONDeserializer.m; sourceTree = "<group>"; };
		560874381451F9C00069A2DE /* CJSONScanner.h */ = {isa = PBXFileReference; lastKnownFileType = sourcecode.c.h; name = CJSONScanner.h; path = libs/TouchJSON/JSON/CJSONScanner.h; sourceTree = "<group>"; };
		560874391451F9C10069A2DE /* CJSONScanner.m */ = {isa = PBXFileReference; lastKnownFileType = sourcecode.c.objc; name = CJSONScanner.m; path = libs/TouchJSON/JSON/CJSONScanner.m; sourceTree = "<group>"; };
		5608743B1451F9C10069A2DE /* CJSONSerializer.h */ = {isa = PBXFileReference; lastKnownFileType = sourcecode.c.h; name = CJSONSerializer.h; path = libs/TouchJSON/JSON/CJSONSerializer.h; sourceTree = "<group>"; };
		5608743C1451F9C10069A2DE /* CJSONSerializer.m */ = {isa = PBXFileReference; lastKnownFileType = sourcecode.c.objc; name = CJSONSerializer.m; path = libs/TouchJSON/JSON/CJSONSerializer.m; sourceTree = "<group>"; };
		5608743E1451F9C10069A2DE /* JSONRepresentation.h */ = {isa = PBXFileReference; lastKnownFileType = sourcecode.c.h; name = JSONRepresentation.h; path = libs/TouchJSON/JSON/JSONRepresentation.h; sourceTree = "<group>"; };
		560874401451F9C10069A2DE /* FontLabel.h */ = {isa = PBXFileReference; lastKnownFileType = sourcecode.c.h; name = FontLabel.h; path = libs/FontLabel/FontLabel.h; sourceTree = "<group>"; };
		560874411451F9C10069A2DE /* FontLabel.m */ = {isa = PBXFileReference; lastKnownFileType = sourcecode.c.objc; name = FontLabel.m; path = libs/FontLabel/FontLabel.m; sourceTree = "<group>"; };
		560874431451F9C10069A2DE /* FontLabelStringDrawing.h */ = {isa = PBXFileReference; lastKnownFileType = sourcecode.c.h; name = FontLabelStringDrawing.h; path = libs/FontLabel/FontLabelStringDrawing.h; sourceTree = "<group>"; };
		560874441451F9C10069A2DE /* FontLabelStringDrawing.m */ = {isa = PBXFileReference; lastKnownFileType = sourcecode.c.objc; name = FontLabelStringDrawing.m; path = libs/FontLabel/FontLabelStringDrawing.m; sourceTree = "<group>"; };
		560874461451F9C10069A2DE /* FontManager.h */ = {isa = PBXFileReference; lastKnownFileType = sourcecode.c.h; name = FontManager.h; path = libs/FontLabel/FontManager.h; sourceTree = "<group>"; };
		560874471451F9C10069A2DE /* FontManager.m */ = {isa = PBXFileReference; lastKnownFileType = sourcecode.c.objc; name = FontManager.m; path = libs/FontLabel/FontManager.m; sourceTree = "<group>"; };
		560874491451F9C10069A2DE /* ZAttributedString.h */ = {isa = PBXFileReference; lastKnownFileType = sourcecode.c.h; name = ZAttributedString.h; path = libs/FontLabel/ZAttributedString.h; sourceTree = "<group>"; };
		5608744A1451F9C10069A2DE /* ZAttributedString.m */ = {isa = PBXFileReference; lastKnownFileType = sourcecode.c.objc; name = ZAttributedString.m; path = libs/FontLabel/ZAttributedString.m; sourceTree = "<group>"; };
		5608744C1451F9C10069A2DE /* ZAttributedStringPrivate.h */ = {isa = PBXFileReference; lastKnownFileType = sourcecode.c.h; name = ZAttributedStringPrivate.h; path = libs/FontLabel/ZAttributedStringPrivate.h; sourceTree = "<group>"; };
		5608744D1451F9C10069A2DE /* ZFont.h */ = {isa = PBXFileReference; lastKnownFileType = sourcecode.c.h; name = ZFont.h; path = libs/FontLabel/ZFont.h; sourceTree = "<group>"; };
		5608744E1451F9C10069A2DE /* ZFont.m */ = {isa = PBXFileReference; lastKnownFileType = sourcecode.c.objc; name = ZFont.m; path = libs/FontLabel/ZFont.m; sourceTree = "<group>"; };
		560874501451F9C10069A2DE /* LICENSE_FontLabel.txt */ = {isa = PBXFileReference; lastKnownFileType = text; name = LICENSE_FontLabel.txt; path = libs/LICENSE_FontLabel.txt; sourceTree = "<group>"; };
		560874521451F9C10069A2DE /* Prefix.pch */ = {isa = PBXFileReference; lastKnownFileType = sourcecode.c.h; path = Prefix.pch; sourceTree = "<group>"; };
		560874531451F9C10069A2DE /* main.m */ = {isa = PBXFileReference; lastKnownFileType = sourcecode.c.objc; path = main.m; sourceTree = "<group>"; };
		560874551451F9C10069A2DE /* AppDelegate.h */ = {isa = PBXFileReference; lastKnownFileType = sourcecode.c.h; path = AppDelegate.h; sourceTree = "<group>"; };
		560874561451F9C10069A2DE /* AppDelegate.m */ = {isa = PBXFileReference; lastKnownFileType = sourcecode.c.objc; path = AppDelegate.m; sourceTree = "<group>"; };
		560874581451F9C10069A2DE /* RootViewController.h */ = {isa = PBXFileReference; lastKnownFileType = sourcecode.c.h; path = RootViewController.h; sourceTree = "<group>"; };
		560874591451F9C10069A2DE /* RootViewController.m */ = {isa = PBXFileReference; lastKnownFileType = sourcecode.c.objc; path = RootViewController.m; sourceTree = "<group>"; };
		5608745E1451F9C10069A2DE /* GameConfig.h */ = {isa = PBXFileReference; lastKnownFileType = sourcecode.c.h; path = GameConfig.h; sourceTree = "<group>"; };
		56DFF312145A5BF40058E79C /* ColoredCircleSprite.h */ = {isa = PBXFileReference; fileEncoding = 4; lastKnownFileType = sourcecode.c.h; path = ColoredCircleSprite.h; sourceTree = "<group>"; };
		56DFF313145A5BF40058E79C /* ColoredCircleSprite.m */ = {isa = PBXFileReference; fileEncoding = 4; lastKnownFileType = sourcecode.c.objc; path = ColoredCircleSprite.m; sourceTree = "<group>"; };
		56DFF314145A5BF40058E79C /* ColoredSquareSprite.h */ = {isa = PBXFileReference; fileEncoding = 4; lastKnownFileType = sourcecode.c.h; path = ColoredSquareSprite.h; sourceTree = "<group>"; };
		56DFF315145A5BF40058E79C /* ColoredSquareSprite.m */ = {isa = PBXFileReference; fileEncoding = 4; lastKnownFileType = sourcecode.c.objc; path = ColoredSquareSprite.m; sourceTree = "<group>"; };
		56DFF316145A5BF40058E79C /* SendUDP.c */ = {isa = PBXFileReference; fileEncoding = 4; lastKnownFileType = sourcecode.c.c; path = SendUDP.c; sourceTree = "<group>"; };
		56DFF317145A5BF40058E79C /* SendUDP.h */ = {isa = PBXFileReference; fileEncoding = 4; lastKnownFileType = sourcecode.c.h; path = SendUDP.h; sourceTree = "<group>"; };
		56DFF318145A5BF40058E79C /* SneakyButton.h */ = {isa = PBXFileReference; fileEncoding = 4; lastKnownFileType = sourcecode.c.h; path = SneakyButton.h; sourceTree = "<group>"; };
		56DFF319145A5BF40058E79C /* SneakyButton.m */ = {isa = PBXFileReference; fileEncoding = 4; lastKnownFileType = sourcecode.c.objc; path = SneakyButton.m; sourceTree = "<group>"; };
		56DFF31A145A5BF40058E79C /* SneakyButtonSkinnedBase.h */ = {isa = PBXFileReference; fileEncoding = 4; lastKnownFileType = sourcecode.c.h; path = SneakyButtonSkinnedBase.h; sourceTree = "<group>"; };
		56DFF31B145A5BF40058E79C /* SneakyButtonSkinnedBase.m */ = {isa = PBXFileReference; fileEncoding = 4; lastKnownFileType = sourcecode.c.objc; path = SneakyButtonSkinnedBase.m; sourceTree = "<group>"; };
		56DFF31C145A5BF40058E79C /* SneakyJoystick.h */ = {isa = PBXFileReference; fileEncoding = 4; lastKnownFileType = sourcecode.c.h; path = SneakyJoystick.h; sourceTree = "<group>"; };
		56DFF31D145A5BF40058E79C /* SneakyJoystick.m */ = {isa = PBXFileReference; fileEncoding = 4; lastKnownFileType = sourcecode.c.objc; path = SneakyJoystick.m; sourceTree = "<group>"; };
		56DFF31E145A5BF40058E79C /* SneakyJoystickSkinnedBase.h */ = {isa = PBXFileReference; fileEncoding = 4; lastKnownFileType = sourcecode.c.h; path = SneakyJoystickSkinnedBase.h; sourceTree = "<group>"; };
		56DFF31F145A5BF40058E79C /* SneakyJoystickSkinnedBase.m */ = {isa = PBXFileReference; fileEncoding = 4; lastKnownFileType = sourcecode.c.objc; path = SneakyJoystickSkinnedBase.m; sourceTree = "<group>"; };
		56DFF328145A5C640058E79C /* MenuLayer.h */ = {isa = PBXFileReference; fileEncoding = 4; lastKnownFileType = sourcecode.c.h; path = MenuLayer.h; sourceTree = "<group>"; };
		56DFF329145A5C640058E79C /* MenuLayer.m */ = {isa = PBXFileReference; fileEncoding = 4; lastKnownFileType = sourcecode.c.objc; path = MenuLayer.m; sourceTree = "<group>"; };
		56DFF32B145A5E8B0058E79C /* SceneManager.h */ = {isa = PBXFileReference; fileEncoding = 4; lastKnownFileType = sourcecode.c.h; path = SceneManager.h; sourceTree = "<group>"; };
		56DFF32C145A5E8B0058E79C /* SceneManager.m */ = {isa = PBXFileReference; fileEncoding = 4; lastKnownFileType = sourcecode.c.objc; path = SceneManager.m; sourceTree = "<group>"; };
		56DFF32E145A5FBC0058E79C /* ControlsLayer.h */ = {isa = PBXFileReference; fileEncoding = 4; lastKnownFileType = sourcecode.c.h; path = ControlsLayer.h; sourceTree = "<group>"; };
		56DFF32F145A5FBC0058E79C /* ControlsLayer.m */ = {isa = PBXFileReference; fileEncoding = 4; lastKnownFileType = sourcecode.c.objc; path = ControlsLayer.m; sourceTree = "<group>"; };
/* End PBXFileReference section */

/* Begin PBXFrameworksBuildPhase section */
		560872EC1451F9BE0069A2DE /* Frameworks */ = {
			isa = PBXFrameworksBuildPhase;
			buildActionMask = 2147483647;
			files = (
				560872F41451F9BE0069A2DE /* QuartzCore.framework in Frameworks */,
				560872F61451F9BE0069A2DE /* OpenGLES.framework in Frameworks */,
				560872F81451F9BE0069A2DE /* OpenAL.framework in Frameworks */,
				560872FA1451F9BE0069A2DE /* AudioToolbox.framework in Frameworks */,
				560872FC1451F9BE0069A2DE /* AVFoundation.framework in Frameworks */,
				560872FE1451F9BE0069A2DE /* UIKit.framework in Frameworks */,
				560873001451F9BE0069A2DE /* Foundation.framework in Frameworks */,
				560873021451F9BE0069A2DE /* CoreGraphics.framework in Frameworks */,
			);
			runOnlyForDeploymentPostprocessing = 0;
		};
/* End PBXFrameworksBuildPhase section */

/* Begin PBXGroup section */
		560872E41451F9BD0069A2DE = {
			isa = PBXGroup;
			children = (
				560873031451F9BE0069A2DE /* DiscoDisplay */,
				560872F21451F9BE0069A2DE /* Frameworks */,
				560872F01451F9BE0069A2DE /* Products */,
			);
			sourceTree = "<group>";
		};
		560872F01451F9BE0069A2DE /* Products */ = {
			isa = PBXGroup;
			children = (
				560872EF1451F9BE0069A2DE /* DiscoDisplay.app */,
			);
			name = Products;
			sourceTree = "<group>";
		};
		560872F21451F9BE0069A2DE /* Frameworks */ = {
			isa = PBXGroup;
			children = (
				560872F31451F9BE0069A2DE /* QuartzCore.framework */,
				560872F51451F9BE0069A2DE /* OpenGLES.framework */,
				560872F71451F9BE0069A2DE /* OpenAL.framework */,
				560872F91451F9BE0069A2DE /* AudioToolbox.framework */,
				560872FB1451F9BE0069A2DE /* AVFoundation.framework */,
				560872FD1451F9BE0069A2DE /* UIKit.framework */,
				560872FF1451F9BE0069A2DE /* Foundation.framework */,
				560873011451F9BE0069A2DE /* CoreGraphics.framework */,
			);
			name = Frameworks;
			sourceTree = "<group>";
		};
		560873031451F9BE0069A2DE /* DiscoDisplay */ = {
			isa = PBXGroup;
			children = (
				560874551451F9C10069A2DE /* AppDelegate.h */,
				560874561451F9C10069A2DE /* AppDelegate.m */,
				56DFF328145A5C640058E79C /* MenuLayer.h */,
				56DFF329145A5C640058E79C /* MenuLayer.m */,
				56DFF32E145A5FBC0058E79C /* ControlsLayer.h */,
				56DFF32F145A5FBC0058E79C /* ControlsLayer.m */,
				560874581451F9C10069A2DE /* RootViewController.h */,
				560874591451F9C10069A2DE /* RootViewController.m */,
				56DFF32B145A5E8B0058E79C /* SceneManager.h */,
				56DFF32C145A5E8B0058E79C /* SceneManager.m */,
				5608745E1451F9C10069A2DE /* GameConfig.h */,
				560873041451F9BE0069A2DE /* Resources */,
				560873181451F9BE0069A2DE /* libs */,
				560874511451F9C10069A2DE /* Supporting Files */,
			);
			path = DiscoDisplay;
			sourceTree = "<group>";
		};
		560873041451F9BE0069A2DE /* Resources */ = {
			isa = PBXGroup;
			children = (
				56DFF312145A5BF40058E79C /* ColoredCircleSprite.h */,
				56DFF313145A5BF40058E79C /* ColoredCircleSprite.m */,
				56DFF314145A5BF40058E79C /* ColoredSquareSprite.h */,
				56DFF315145A5BF40058E79C /* ColoredSquareSprite.m */,
				56DFF316145A5BF40058E79C /* SendUDP.c */,
				56DFF317145A5BF40058E79C /* SendUDP.h */,
				56DFF318145A5BF40058E79C /* SneakyButton.h */,
				56DFF319145A5BF40058E79C /* SneakyButton.m */,
				56DFF31A145A5BF40058E79C /* SneakyButtonSkinnedBase.h */,
				56DFF31B145A5BF40058E79C /* SneakyButtonSkinnedBase.m */,
				56DFF31C145A5BF40058E79C /* SneakyJoystick.h */,
				56DFF31D145A5BF40058E79C /* SneakyJoystick.m */,
				56DFF31E145A5BF40058E79C /* SneakyJoystickSkinnedBase.h */,
				56DFF31F145A5BF40058E79C /* SneakyJoystickSkinnedBase.m */,
				560873051451F9BE0069A2DE /* Default.png */,
				560873071451F9BE0069A2DE /* fps_images.png */,
				560873091451F9BE0069A2DE /* Icon-72.png */,
				5608730B1451F9BE0069A2DE /* Icon-Small-50.png */,
				5608730D1451F9BE0069A2DE /* Icon-Small.png */,
				5608730F1451F9BE0069A2DE /* Icon-Small@2x.png */,
				560873111451F9BE0069A2DE /* Icon.png */,
				560873131451F9BE0069A2DE /* Icon@2x.png */,
				560873151451F9BE0069A2DE /* Info.plist */,
				560873161451F9BE0069A2DE /* iTunesArtwork */,
			);
			name = Resources;
			sourceTree = "<group>";
		};
		560873181451F9BE0069A2DE /* libs */ = {
			isa = PBXGroup;
			children = (
				5608740E1451F9C00069A2DE /* LICENSE_cocos2d.txt */,
				5608741D1451F9C00069A2DE /* LICENSE_CocosDenshion.txt */,
				560874281451F9C00069A2DE /* LICENSE_TouchJSON.txt */,
				560874501451F9C10069A2DE /* LICENSE_FontLabel.txt */,
				560873191451F9BE0069A2DE /* cocos2d */,
				5608740F1451F9C00069A2DE /* CocosDenshion */,
				5608741E1451F9C00069A2DE /* cocoslive */,
				560874291451F9C00069A2DE /* TouchJSON */,
				5608743F1451F9C10069A2DE /* FontLabel */,
			);
			name = libs;
			sourceTree = "<group>";
		};
		560873191451F9BE0069A2DE /* cocos2d */ = {
			isa = PBXGroup;
			children = (
				5608731A1451F9BE0069A2DE /* CCAction.h */,
				5608731B1451F9BE0069A2DE /* CCAction.m */,
				5608731D1451F9BE0069A2DE /* CCActionCamera.h */,
				5608731E1451F9BE0069A2DE /* CCActionCamera.m */,
				560873201451F9BE0069A2DE /* CCActionEase.h */,
				560873211451F9BE0069A2DE /* CCActionEase.m */,
				560873231451F9BE0069A2DE /* CCActionGrid.h */,
				560873241451F9BE0069A2DE /* CCActionGrid.m */,
				560873261451F9BE0069A2DE /* CCActionGrid3D.h */,
				560873271451F9BE0069A2DE /* CCActionGrid3D.m */,
				560873291451F9BE0069A2DE /* CCActionInstant.h */,
				5608732A1451F9BE0069A2DE /* CCActionInstant.m */,
				5608732C1451F9BE0069A2DE /* CCActionInterval.h */,
				5608732D1451F9BE0069A2DE /* CCActionInterval.m */,
				5608732F1451F9BE0069A2DE /* CCActionManager.h */,
				560873301451F9BE0069A2DE /* CCActionManager.m */,
				560873321451F9BE0069A2DE /* CCActionPageTurn3D.h */,
				560873331451F9BE0069A2DE /* CCActionPageTurn3D.m */,
				560873351451F9BE0069A2DE /* CCActionProgressTimer.h */,
				560873361451F9BE0069A2DE /* CCActionProgressTimer.m */,
				560873381451F9BE0069A2DE /* CCActionTiledGrid.h */,
				560873391451F9BE0069A2DE /* CCActionTiledGrid.m */,
				5608733B1451F9BE0069A2DE /* CCActionTween.h */,
				5608733C1451F9BF0069A2DE /* CCActionTween.m */,
				5608733E1451F9BF0069A2DE /* CCAnimation.h */,
				5608733F1451F9BF0069A2DE /* CCAnimation.m */,
				560873411451F9BF0069A2DE /* CCAnimationCache.h */,
				560873421451F9BF0069A2DE /* CCAnimationCache.m */,
				560873441451F9BF0069A2DE /* CCAtlasNode.h */,
				560873451451F9BF0069A2DE /* CCAtlasNode.m */,
				560873471451F9BF0069A2DE /* CCBlockSupport.h */,
				560873481451F9BF0069A2DE /* CCBlockSupport.m */,
				5608734A1451F9BF0069A2DE /* CCCamera.h */,
				5608734B1451F9BF0069A2DE /* CCCamera.m */,
				5608734D1451F9BF0069A2DE /* ccConfig.h */,
				5608734E1451F9BF0069A2DE /* CCConfiguration.h */,
				5608734F1451F9BF0069A2DE /* CCConfiguration.m */,
				560873511451F9BF0069A2DE /* CCDirector.h */,
				560873521451F9BF0069A2DE /* CCDirector.m */,
				560873541451F9BF0069A2DE /* CCDrawingPrimitives.h */,
				560873551451F9BF0069A2DE /* CCDrawingPrimitives.m */,
				560873571451F9BF0069A2DE /* CCGrabber.h */,
				560873581451F9BF0069A2DE /* CCGrabber.m */,
				5608735A1451F9BF0069A2DE /* CCGrid.h */,
				5608735B1451F9BF0069A2DE /* CCGrid.m */,
				5608735D1451F9BF0069A2DE /* CCLabelAtlas.h */,
				5608735E1451F9BF0069A2DE /* CCLabelAtlas.m */,
				560873601451F9BF0069A2DE /* CCLabelBMFont.h */,
				560873611451F9BF0069A2DE /* CCLabelBMFont.m */,
				560873631451F9BF0069A2DE /* CCLabelTTF.h */,
				560873641451F9BF0069A2DE /* CCLabelTTF.m */,
				560873661451F9BF0069A2DE /* CCLayer.h */,
				560873671451F9BF0069A2DE /* CCLayer.m */,
				560873691451F9BF0069A2DE /* ccMacros.h */,
				5608736A1451F9BF0069A2DE /* CCMenu.h */,
				5608736B1451F9BF0069A2DE /* CCMenu.m */,
				5608736D1451F9BF0069A2DE /* CCMenuItem.h */,
				5608736E1451F9BF0069A2DE /* CCMenuItem.m */,
				560873701451F9BF0069A2DE /* CCMotionStreak.h */,
				560873711451F9BF0069A2DE /* CCMotionStreak.m */,
				560873731451F9BF0069A2DE /* CCNode.h */,
				560873741451F9BF0069A2DE /* CCNode.m */,
				560873761451F9BF0069A2DE /* CCParallaxNode.h */,
				560873771451F9BF0069A2DE /* CCParallaxNode.m */,
				560873791451F9BF0069A2DE /* CCParticleExamples.h */,
				5608737A1451F9BF0069A2DE /* CCParticleExamples.m */,
				5608737C1451F9BF0069A2DE /* CCParticleSystem.h */,
				5608737D1451F9BF0069A2DE /* CCParticleSystem.m */,
				5608737F1451F9BF0069A2DE /* CCParticleSystemPoint.h */,
				560873801451F9BF0069A2DE /* CCParticleSystemPoint.m */,
				560873821451F9BF0069A2DE /* CCParticleSystemQuad.h */,
				560873831451F9BF0069A2DE /* CCParticleSystemQuad.m */,
				560873851451F9BF0069A2DE /* CCProgressTimer.h */,
				560873861451F9BF0069A2DE /* CCProgressTimer.m */,
				560873881451F9BF0069A2DE /* CCProtocols.h */,
				560873891451F9BF0069A2DE /* CCRenderTexture.h */,
				5608738A1451F9BF0069A2DE /* CCRenderTexture.m */,
				5608738C1451F9BF0069A2DE /* CCRibbon.h */,
				5608738D1451F9BF0069A2DE /* CCRibbon.m */,
				5608738F1451F9BF0069A2DE /* CCScene.h */,
				560873901451F9BF0069A2DE /* CCScene.m */,
				560873921451F9BF0069A2DE /* CCScheduler.h */,
				560873931451F9BF0069A2DE /* CCScheduler.m */,
				560873951451F9BF0069A2DE /* CCSprite.h */,
				560873961451F9BF0069A2DE /* CCSprite.m */,
				560873981451F9BF0069A2DE /* CCSpriteBatchNode.h */,
				560873991451F9BF0069A2DE /* CCSpriteBatchNode.m */,
				5608739B1451F9BF0069A2DE /* CCSpriteFrame.h */,
				5608739C1451F9BF0069A2DE /* CCSpriteFrame.m */,
				5608739E1451F9BF0069A2DE /* CCSpriteFrameCache.h */,
				5608739F1451F9BF0069A2DE /* CCSpriteFrameCache.m */,
				560873A11451F9BF0069A2DE /* CCTexture2D.h */,
				560873A21451F9BF0069A2DE /* CCTexture2D.m */,
				560873A41451F9BF0069A2DE /* CCTextureAtlas.h */,
				560873A51451F9BF0069A2DE /* CCTextureAtlas.m */,
				560873A71451F9BF0069A2DE /* CCTextureCache.h */,
				560873A81451F9BF0069A2DE /* CCTextureCache.m */,
				560873AA1451F9BF0069A2DE /* CCTexturePVR.h */,
				560873AB1451F9C00069A2DE /* CCTexturePVR.m */,
				560873AD1451F9C00069A2DE /* CCTileMapAtlas.h */,
				560873AE1451F9C00069A2DE /* CCTileMapAtlas.m */,
				560873B01451F9C00069A2DE /* CCTMXLayer.h */,
				560873B11451F9C00069A2DE /* CCTMXLayer.m */,
				560873B31451F9C00069A2DE /* CCTMXObjectGroup.h */,
				560873B41451F9C00069A2DE /* CCTMXObjectGroup.m */,
				560873B61451F9C00069A2DE /* CCTMXTiledMap.h */,
				560873B71451F9C00069A2DE /* CCTMXTiledMap.m */,
				560873B91451F9C00069A2DE /* CCTMXXMLParser.h */,
				560873BA1451F9C00069A2DE /* CCTMXXMLParser.m */,
				560873BC1451F9C00069A2DE /* CCTransition.h */,
				560873BD1451F9C00069A2DE /* CCTransition.m */,
				560873BF1451F9C00069A2DE /* CCTransitionPageTurn.h */,
				560873C01451F9C00069A2DE /* CCTransitionPageTurn.m */,
				560873C21451F9C00069A2DE /* CCTransitionRadial.h */,
				560873C31451F9C00069A2DE /* CCTransitionRadial.m */,
				560873C51451F9C00069A2DE /* ccTypes.h */,
				560873C61451F9C00069A2DE /* cocos2d.h */,
				560873C71451F9C00069A2DE /* cocos2d.m */,
				560873C91451F9C00069A2DE /* Platforms */,
				560873EE1451F9C00069A2DE /* Support */,
			);
			name = cocos2d;
			sourceTree = "<group>";
		};
		560873C91451F9C00069A2DE /* Platforms */ = {
			isa = PBXGroup;
			children = (
				560873CA1451F9C00069A2DE /* CCGL.h */,
				560873CB1451F9C00069A2DE /* CCNS.h */,
				560873CC1451F9C00069A2DE /* iOS */,
				560873E11451F9C00069A2DE /* Mac */,
			);
			name = Platforms;
			sourceTree = "<group>";
		};
		560873CC1451F9C00069A2DE /* iOS */ = {
			isa = PBXGroup;
			children = (
				560873CD1451F9C00069A2DE /* CCDirectorIOS.h */,
				560873CE1451F9C00069A2DE /* CCDirectorIOS.m */,
				560873D01451F9C00069A2DE /* CCTouchDelegateProtocol.h */,
				560873D11451F9C00069A2DE /* CCTouchDispatcher.h */,
				560873D21451F9C00069A2DE /* CCTouchDispatcher.m */,
				560873D41451F9C00069A2DE /* CCTouchHandler.h */,
				560873D51451F9C00069A2DE /* CCTouchHandler.m */,
				560873D71451F9C00069A2DE /* EAGLView.h */,
				560873D81451F9C00069A2DE /* EAGLView.m */,
				560873DA1451F9C00069A2DE /* ES1Renderer.h */,
				560873DB1451F9C00069A2DE /* ES1Renderer.m */,
				560873DD1451F9C00069A2DE /* ESRenderer.h */,
				560873DE1451F9C00069A2DE /* glu.c */,
				560873E01451F9C00069A2DE /* glu.h */,
			);
			name = iOS;
			sourceTree = "<group>";
		};
		560873E11451F9C00069A2DE /* Mac */ = {
			isa = PBXGroup;
			children = (
				560873E21451F9C00069A2DE /* CCDirectorMac.h */,
				560873E31451F9C00069A2DE /* CCDirectorMac.m */,
				560873E51451F9C00069A2DE /* CCEventDispatcher.h */,
				560873E61451F9C00069A2DE /* CCEventDispatcher.m */,
				560873E81451F9C00069A2DE /* MacGLView.h */,
				560873E91451F9C00069A2DE /* MacGLView.m */,
				560873EB1451F9C00069A2DE /* MacWindow.h */,
				560873EC1451F9C00069A2DE /* MacWindow.m */,
			);
			name = Mac;
			sourceTree = "<group>";
		};
		560873EE1451F9C00069A2DE /* Support */ = {
			isa = PBXGroup;
			children = (
				560873EF1451F9C00069A2DE /* base64.c */,
				560873F11451F9C00069A2DE /* base64.h */,
				560873F21451F9C00069A2DE /* CCArray.h */,
				560873F31451F9C00069A2DE /* CCArray.m */,
				560873F51451F9C00069A2DE /* ccCArray.h */,
				560873F61451F9C00069A2DE /* CCFileUtils.h */,
				560873F71451F9C00069A2DE /* CCFileUtils.m */,
				560873F91451F9C00069A2DE /* CCProfiling.h */,
				560873FA1451F9C00069A2DE /* CCProfiling.m */,
				560873FC1451F9C00069A2DE /* ccUtils.c */,
				560873FE1451F9C00069A2DE /* ccUtils.h */,
				560873FF1451F9C00069A2DE /* CGPointExtension.h */,
				560874001451F9C00069A2DE /* CGPointExtension.m */,
				560874021451F9C00069A2DE /* OpenGL_Internal.h */,
				560874031451F9C00069A2DE /* TGAlib.h */,
				560874041451F9C00069A2DE /* TGAlib.m */,
				560874061451F9C00069A2DE /* TransformUtils.h */,
				560874071451F9C00069A2DE /* TransformUtils.m */,
				560874091451F9C00069A2DE /* uthash.h */,
				5608740A1451F9C00069A2DE /* utlist.h */,
				5608740B1451F9C00069A2DE /* ZipUtils.h */,
				5608740C1451F9C00069A2DE /* ZipUtils.m */,
			);
			name = Support;
			sourceTree = "<group>";
		};
		5608740F1451F9C00069A2DE /* CocosDenshion */ = {
			isa = PBXGroup;
			children = (
				560874101451F9C00069A2DE /* CDAudioManager.h */,
				560874111451F9C00069A2DE /* CDAudioManager.m */,
				560874131451F9C00069A2DE /* CDConfig.h */,
				560874141451F9C00069A2DE /* CDOpenALSupport.h */,
				560874151451F9C00069A2DE /* CDOpenALSupport.m */,
				560874171451F9C00069A2DE /* CocosDenshion.h */,
				560874181451F9C00069A2DE /* CocosDenshion.m */,
				5608741A1451F9C00069A2DE /* SimpleAudioEngine.h */,
				5608741B1451F9C00069A2DE /* SimpleAudioEngine.m */,
			);
			name = CocosDenshion;
			sourceTree = "<group>";
		};
		5608741E1451F9C00069A2DE /* cocoslive */ = {
			isa = PBXGroup;
			children = (
				5608741F1451F9C00069A2DE /* CLScoreServerPost.h */,
				560874201451F9C00069A2DE /* CLScoreServerPost.m */,
				560874221451F9C00069A2DE /* CLScoreServerRequest.h */,
				560874231451F9C00069A2DE /* CLScoreServerRequest.m */,
				560874251451F9C00069A2DE /* cocoslive.h */,
				560874261451F9C00069A2DE /* cocoslive.m */,
			);
			name = cocoslive;
			sourceTree = "<group>";
		};
		560874291451F9C00069A2DE /* TouchJSON */ = {
			isa = PBXGroup;
			children = (
				5608742A1451F9C00069A2DE /* CDataScanner.h */,
				5608742B1451F9C00069A2DE /* CDataScanner.m */,
				5608742D1451F9C00069A2DE /* Extensions */,
				560874341451F9C00069A2DE /* JSON */,
			);
			name = TouchJSON;
			sourceTree = "<group>";
		};
		5608742D1451F9C00069A2DE /* Extensions */ = {
			isa = PBXGroup;
			children = (
				5608742E1451F9C00069A2DE /* CDataScanner_Extensions.h */,
				5608742F1451F9C00069A2DE /* CDataScanner_Extensions.m */,
				560874311451F9C00069A2DE /* NSDictionary_JSONExtensions.h */,
				560874321451F9C00069A2DE /* NSDictionary_JSONExtensions.m */,
			);
			name = Extensions;
			sourceTree = "<group>";
		};
		560874341451F9C00069A2DE /* JSON */ = {
			isa = PBXGroup;
			children = (
				560874351451F9C00069A2DE /* CJSONDeserializer.h */,
				560874361451F9C00069A2DE /* CJSONDeserializer.m */,
				560874381451F9C00069A2DE /* CJSONScanner.h */,
				560874391451F9C10069A2DE /* CJSONScanner.m */,
				5608743B1451F9C10069A2DE /* CJSONSerializer.h */,
				5608743C1451F9C10069A2DE /* CJSONSerializer.m */,
				5608743E1451F9C10069A2DE /* JSONRepresentation.h */,
			);
			name = JSON;
			sourceTree = "<group>";
		};
		5608743F1451F9C10069A2DE /* FontLabel */ = {
			isa = PBXGroup;
			children = (
				560874401451F9C10069A2DE /* FontLabel.h */,
				560874411451F9C10069A2DE /* FontLabel.m */,
				560874431451F9C10069A2DE /* FontLabelStringDrawing.h */,
				560874441451F9C10069A2DE /* FontLabelStringDrawing.m */,
				560874461451F9C10069A2DE /* FontManager.h */,
				560874471451F9C10069A2DE /* FontManager.m */,
				560874491451F9C10069A2DE /* ZAttributedString.h */,
				5608744A1451F9C10069A2DE /* ZAttributedString.m */,
				5608744C1451F9C10069A2DE /* ZAttributedStringPrivate.h */,
				5608744D1451F9C10069A2DE /* ZFont.h */,
				5608744E1451F9C10069A2DE /* ZFont.m */,
			);
			name = FontLabel;
			sourceTree = "<group>";
		};
		560874511451F9C10069A2DE /* Supporting Files */ = {
			isa = PBXGroup;
			children = (
				560874521451F9C10069A2DE /* Prefix.pch */,
				560874531451F9C10069A2DE /* main.m */,
			);
			name = "Supporting Files";
			sourceTree = "<group>";
		};
/* End PBXGroup section */

/* Begin PBXNativeTarget section */
		560872EE1451F9BE0069A2DE /* DiscoDisplay */ = {
			isa = PBXNativeTarget;
			buildConfigurationList = 560874611451F9C10069A2DE /* Build configuration list for PBXNativeTarget "DiscoDisplay" */;
			buildPhases = (
				560872EB1451F9BE0069A2DE /* Sources */,
				560872EC1451F9BE0069A2DE /* Frameworks */,
				560872ED1451F9BE0069A2DE /* Resources */,
			);
			buildRules = (
			);
			dependencies = (
			);
			name = DiscoDisplay;
			productName = DiscoDisplay;
			productReference = 560872EF1451F9BE0069A2DE /* DiscoDisplay.app */;
			productType = "com.apple.product-type.application";
		};
/* End PBXNativeTarget section */

/* Begin PBXProject section */
		560872E61451F9BD0069A2DE /* Project object */ = {
			isa = PBXProject;
			attributes = {
				LastUpgradeCheck = 0420;
				ORGANIZATIONNAME = "University of Sourther California";
			};
			buildConfigurationList = 560872E91451F9BD0069A2DE /* Build configuration list for PBXProject "DiscoDisplay" */;
			compatibilityVersion = "Xcode 3.2";
			developmentRegion = English;
			hasScannedForEncodings = 0;
			knownRegions = (
				en,
			);
			mainGroup = 560872E41451F9BD0069A2DE;
			productRefGroup = 560872F01451F9BE0069A2DE /* Products */;
			projectDirPath = "";
			projectRoot = "";
			targets = (
				560872EE1451F9BE0069A2DE /* DiscoDisplay */,
			);
		};
/* End PBXProject section */

/* Begin PBXResourcesBuildPhase section */
		560872ED1451F9BE0069A2DE /* Resources */ = {
			isa = PBXResourcesBuildPhase;
			buildActionMask = 2147483647;
			files = (
				560873061451F9BE0069A2DE /* Default.png in Resources */,
				560873081451F9BE0069A2DE /* fps_images.png in Resources */,
				5608730A1451F9BE0069A2DE /* Icon-72.png in Resources */,
				5608730C1451F9BE0069A2DE /* Icon-Small-50.png in Resources */,
				5608730E1451F9BE0069A2DE /* Icon-Small.png in Resources */,
				560873101451F9BE0069A2DE /* Icon-Small@2x.png in Resources */,
				560873121451F9BE0069A2DE /* Icon.png in Resources */,
				560873141451F9BE0069A2DE /* Icon@2x.png in Resources */,
				560873171451F9BE0069A2DE /* iTunesArtwork in Resources */,
			);
			runOnlyForDeploymentPostprocessing = 0;
		};
/* End PBXResourcesBuildPhase section */

/* Begin PBXSourcesBuildPhase section */
		560872EB1451F9BE0069A2DE /* Sources */ = {
			isa = PBXSourcesBuildPhase;
			buildActionMask = 2147483647;
			files = (
				5608731C1451F9BE0069A2DE /* CCAction.m in Sources */,
				5608731F1451F9BE0069A2DE /* CCActionCamera.m in Sources */,
				560873221451F9BE0069A2DE /* CCActionEase.m in Sources */,
				560873251451F9BE0069A2DE /* CCActionGrid.m in Sources */,
				560873281451F9BE0069A2DE /* CCActionGrid3D.m in Sources */,
				5608732B1451F9BE0069A2DE /* CCActionInstant.m in Sources */,
				5608732E1451F9BE0069A2DE /* CCActionInterval.m in Sources */,
				560873311451F9BE0069A2DE /* CCActionManager.m in Sources */,
				560873341451F9BE0069A2DE /* CCActionPageTurn3D.m in Sources */,
				560873371451F9BE0069A2DE /* CCActionProgressTimer.m in Sources */,
				5608733A1451F9BE0069A2DE /* CCActionTiledGrid.m in Sources */,
				5608733D1451F9BF0069A2DE /* CCActionTween.m in Sources */,
				560873401451F9BF0069A2DE /* CCAnimation.m in Sources */,
				560873431451F9BF0069A2DE /* CCAnimationCache.m in Sources */,
				560873461451F9BF0069A2DE /* CCAtlasNode.m in Sources */,
				560873491451F9BF0069A2DE /* CCBlockSupport.m in Sources */,
				5608734C1451F9BF0069A2DE /* CCCamera.m in Sources */,
				560873501451F9BF0069A2DE /* CCConfiguration.m in Sources */,
				560873531451F9BF0069A2DE /* CCDirector.m in Sources */,
				560873561451F9BF0069A2DE /* CCDrawingPrimitives.m in Sources */,
				560873591451F9BF0069A2DE /* CCGrabber.m in Sources */,
				5608735C1451F9BF0069A2DE /* CCGrid.m in Sources */,
				5608735F1451F9BF0069A2DE /* CCLabelAtlas.m in Sources */,
				560873621451F9BF0069A2DE /* CCLabelBMFont.m in Sources */,
				560873651451F9BF0069A2DE /* CCLabelTTF.m in Sources */,
				560873681451F9BF0069A2DE /* CCLayer.m in Sources */,
				5608736C1451F9BF0069A2DE /* CCMenu.m in Sources */,
				5608736F1451F9BF0069A2DE /* CCMenuItem.m in Sources */,
				560873721451F9BF0069A2DE /* CCMotionStreak.m in Sources */,
				560873751451F9BF0069A2DE /* CCNode.m in Sources */,
				560873781451F9BF0069A2DE /* CCParallaxNode.m in Sources */,
				5608737B1451F9BF0069A2DE /* CCParticleExamples.m in Sources */,
				5608737E1451F9BF0069A2DE /* CCParticleSystem.m in Sources */,
				560873811451F9BF0069A2DE /* CCParticleSystemPoint.m in Sources */,
				560873841451F9BF0069A2DE /* CCParticleSystemQuad.m in Sources */,
				560873871451F9BF0069A2DE /* CCProgressTimer.m in Sources */,
				5608738B1451F9BF0069A2DE /* CCRenderTexture.m in Sources */,
				5608738E1451F9BF0069A2DE /* CCRibbon.m in Sources */,
				560873911451F9BF0069A2DE /* CCScene.m in Sources */,
				560873941451F9BF0069A2DE /* CCScheduler.m in Sources */,
				560873971451F9BF0069A2DE /* CCSprite.m in Sources */,
				5608739A1451F9BF0069A2DE /* CCSpriteBatchNode.m in Sources */,
				5608739D1451F9BF0069A2DE /* CCSpriteFrame.m in Sources */,
				560873A01451F9BF0069A2DE /* CCSpriteFrameCache.m in Sources */,
				560873A31451F9BF0069A2DE /* CCTexture2D.m in Sources */,
				560873A61451F9BF0069A2DE /* CCTextureAtlas.m in Sources */,
				560873A91451F9BF0069A2DE /* CCTextureCache.m in Sources */,
				560873AC1451F9C00069A2DE /* CCTexturePVR.m in Sources */,
				560873AF1451F9C00069A2DE /* CCTileMapAtlas.m in Sources */,
				560873B21451F9C00069A2DE /* CCTMXLayer.m in Sources */,
				560873B51451F9C00069A2DE /* CCTMXObjectGroup.m in Sources */,
				560873B81451F9C00069A2DE /* CCTMXTiledMap.m in Sources */,
				560873BB1451F9C00069A2DE /* CCTMXXMLParser.m in Sources */,
				560873BE1451F9C00069A2DE /* CCTransition.m in Sources */,
				560873C11451F9C00069A2DE /* CCTransitionPageTurn.m in Sources */,
				560873C41451F9C00069A2DE /* CCTransitionRadial.m in Sources */,
				560873C81451F9C00069A2DE /* cocos2d.m in Sources */,
				560873CF1451F9C00069A2DE /* CCDirectorIOS.m in Sources */,
				560873D31451F9C00069A2DE /* CCTouchDispatcher.m in Sources */,
				560873D61451F9C00069A2DE /* CCTouchHandler.m in Sources */,
				560873D91451F9C00069A2DE /* EAGLView.m in Sources */,
				560873DC1451F9C00069A2DE /* ES1Renderer.m in Sources */,
				560873DF1451F9C00069A2DE /* glu.c in Sources */,
				560873E41451F9C00069A2DE /* CCDirectorMac.m in Sources */,
				560873E71451F9C00069A2DE /* CCEventDispatcher.m in Sources */,
				560873EA1451F9C00069A2DE /* MacGLView.m in Sources */,
				560873ED1451F9C00069A2DE /* MacWindow.m in Sources */,
				560873F01451F9C00069A2DE /* base64.c in Sources */,
				560873F41451F9C00069A2DE /* CCArray.m in Sources */,
				560873F81451F9C00069A2DE /* CCFileUtils.m in Sources */,
				560873FB1451F9C00069A2DE /* CCProfiling.m in Sources */,
				560873FD1451F9C00069A2DE /* ccUtils.c in Sources */,
				560874011451F9C00069A2DE /* CGPointExtension.m in Sources */,
				560874051451F9C00069A2DE /* TGAlib.m in Sources */,
				560874081451F9C00069A2DE /* TransformUtils.m in Sources */,
				5608740D1451F9C00069A2DE /* ZipUtils.m in Sources */,
				560874121451F9C00069A2DE /* CDAudioManager.m in Sources */,
				560874161451F9C00069A2DE /* CDOpenALSupport.m in Sources */,
				560874191451F9C00069A2DE /* CocosDenshion.m in Sources */,
				5608741C1451F9C00069A2DE /* SimpleAudioEngine.m in Sources */,
				560874211451F9C00069A2DE /* CLScoreServerPost.m in Sources */,
				560874241451F9C00069A2DE /* CLScoreServerRequest.m in Sources */,
				560874271451F9C00069A2DE /* cocoslive.m in Sources */,
				5608742C1451F9C00069A2DE /* CDataScanner.m in Sources */,
				560874301451F9C00069A2DE /* CDataScanner_Extensions.m in Sources */,
				560874331451F9C00069A2DE /* NSDictionary_JSONExtensions.m in Sources */,
				560874371451F9C00069A2DE /* CJSONDeserializer.m in Sources */,
				5608743A1451F9C10069A2DE /* CJSONScanner.m in Sources */,
				5608743D1451F9C10069A2DE /* CJSONSerializer.m in Sources */,
				560874421451F9C10069A2DE /* FontLabel.m in Sources */,
				560874451451F9C10069A2DE /* FontLabelStringDrawing.m in Sources */,
				560874481451F9C10069A2DE /* FontManager.m in Sources */,
				5608744B1451F9C10069A2DE /* ZAttributedString.m in Sources */,
				5608744F1451F9C10069A2DE /* ZFont.m in Sources */,
				560874541451F9C10069A2DE /* main.m in Sources */,
				560874571451F9C10069A2DE /* AppDelegate.m in Sources */,
				5608745A1451F9C10069A2DE /* RootViewController.m in Sources */,
				56DFF320145A5BF40058E79C /* ColoredCircleSprite.m in Sources */,
				56DFF321145A5BF40058E79C /* ColoredSquareSprite.m in Sources */,
				56DFF322145A5BF40058E79C /* SendUDP.c in Sources */,
				56DFF323145A5BF40058E79C /* SneakyButton.m in Sources */,
				56DFF324145A5BF40058E79C /* SneakyButtonSkinnedBase.m in Sources */,
				56DFF325145A5BF40058E79C /* SneakyJoystick.m in Sources */,
				56DFF326145A5BF40058E79C /* SneakyJoystickSkinnedBase.m in Sources */,
				56DFF32A145A5C640058E79C /* MenuLayer.m in Sources */,
				56DFF32D145A5E8B0058E79C /* SceneManager.m in Sources */,
				56DFF330145A5FBC0058E79C /* ControlsLayer.m in Sources */,
			);
			runOnlyForDeploymentPostprocessing = 0;
		};
/* End PBXSourcesBuildPhase section */

/* Begin XCBuildConfiguration section */
		5608745F1451F9C10069A2DE /* Debug */ = {
			isa = XCBuildConfiguration;
			buildSettings = {
				ARCHS = "$(ARCHS_STANDARD_32_BIT)";
				"CODE_SIGN_IDENTITY[sdk=iphoneos*]" = "iPhone Developer";
				GCC_C_LANGUAGE_STANDARD = gnu99;
				GCC_OPTIMIZATION_LEVEL = 0;
				GCC_PREPROCESSOR_DEFINITIONS = (
					DEBUG,
					"COCOS2D_DEBUG=1",
				);
				GCC_SYMBOLS_PRIVATE_EXTERN = NO;
				GCC_VERSION = com.apple.compilers.llvmgcc42;
				GCC_WARN_ABOUT_RETURN_TYPE = YES;
				GCC_WARN_UNUSED_VARIABLE = YES;
				IPHONEOS_DEPLOYMENT_TARGET = 5.0;
				SDKROOT = iphoneos;
			};
			name = Debug;
		};
		560874601451F9C10069A2DE /* Release */ = {
			isa = XCBuildConfiguration;
			buildSettings = {
				ARCHS = "$(ARCHS_STANDARD_32_BIT)";
				"CODE_SIGN_IDENTITY[sdk=iphoneos*]" = "iPhone Developer";
				GCC_C_LANGUAGE_STANDARD = gnu99;
				GCC_PREPROCESSOR_DEFINITIONS = NDEBUG;
				GCC_VERSION = com.apple.compilers.llvmgcc42;
				GCC_WARN_ABOUT_RETURN_TYPE = YES;
				GCC_WARN_UNUSED_VARIABLE = YES;
				IPHONEOS_DEPLOYMENT_TARGET = 5.0;
				OTHER_CFLAGS = "-DNS_BLOCK_ASSERTIONS=1";
				SDKROOT = iphoneos;
			};
			name = Release;
		};
		560874621451F9C10069A2DE /* Debug */ = {
			isa = XCBuildConfiguration;
			buildSettings = {
				ALWAYS_SEARCH_USER_PATHS = NO;
				COPY_PHASE_STRIP = NO;
				GCC_DYNAMIC_NO_PIC = NO;
				GCC_PRECOMPILE_PREFIX_HEADER = YES;
				GCC_PREFIX_HEADER = DiscoDisplay/Prefix.pch;
				"GCC_THUMB_SUPPORT[arch=armv6]" = "";
				GCC_VERSION = com.apple.compilers.llvm.clang.1_0;
				INFOPLIST_FILE = DiscoDisplay/Resources/Info.plist;
				OTHER_LDFLAGS = "-lz";
				PRODUCT_NAME = "$(TARGET_NAME)";
				WRAPPER_EXTENSION = app;
			};
			name = Debug;
		};
		560874631451F9C10069A2DE /* Release */ = {
			isa = XCBuildConfiguration;
			buildSettings = {
				ALWAYS_SEARCH_USER_PATHS = NO;
				COPY_PHASE_STRIP = YES;
				GCC_PRECOMPILE_PREFIX_HEADER = YES;
				GCC_PREFIX_HEADER = DiscoDisplay/Prefix.pch;
				"GCC_THUMB_SUPPORT[arch=armv6]" = "";
				GCC_VERSION = com.apple.compilers.llvm.clang.1_0;
				INFOPLIST_FILE = DiscoDisplay/Resources/Info.plist;
				OTHER_LDFLAGS = "-lz";
				PRODUCT_NAME = "$(TARGET_NAME)";
				VALIDATE_PRODUCT = YES;
				WRAPPER_EXTENSION = app;
			};
			name = Release;
		};
/* End XCBuildConfiguration section */

/* Begin XCConfigurationList section */
		560872E91451F9BD0069A2DE /* Build configuration list for PBXProject "DiscoDisplay" */ = {
			isa = XCConfigurationList;
			buildConfigurations = (
				5608745F1451F9C10069A2DE /* Debug */,
				560874601451F9C10069A2DE /* Release */,
			);
			defaultConfigurationIsVisible = 0;
			defaultConfigurationName = Release;
		};
		560874611451F9C10069A2DE /* Build configuration list for PBXNativeTarget "DiscoDisplay" */ = {
			isa = XCConfigurationList;
			buildConfigurations = (
				560874621451F9C10069A2DE /* Debug */,
				560874631451F9C10069A2DE /* Release */,
			);
			defaultConfigurationIsVisible = 0;
			defaultConfigurationName = Release;
		};
/* End XCConfigurationList section */
	};
	rootObject = 560872E61451F9BD0069A2DE /* Project object */;
}
